// !$*UTF8*$!
{
	archiveVersion = 1;
	classes = {
	};
	objectVersion = 54;
	objects = {

/* Begin PBXBuildFile section */
		8C0EDB252989153F007FD35C /* MyAccountViewController.swift in Sources */ = {isa = PBXBuildFile; fileRef = 8C0EDB242989153F007FD35C /* MyAccountViewController.swift */; };
		8C0EDB2729891D61007FD35C /* GroupListTableViewCell.swift in Sources */ = {isa = PBXBuildFile; fileRef = 8C0EDB2629891D61007FD35C /* GroupListTableViewCell.swift */; };
		8C0EDB29298928AC007FD35C /* CreateGroupViewController.swift in Sources */ = {isa = PBXBuildFile; fileRef = 8C0EDB28298928AC007FD35C /* CreateGroupViewController.swift */; };
		8C164B2A29C88AB700ED7D90 /* Maplestory OTF Bold.otf in Resources */ = {isa = PBXBuildFile; fileRef = 8C164B2829C88AB600ED7D90 /* Maplestory OTF Bold.otf */; };
		8C164B2B29C88AB700ED7D90 /* Maplestory OTF Light.otf in Resources */ = {isa = PBXBuildFile; fileRef = 8C164B2929C88AB700ED7D90 /* Maplestory OTF Light.otf */; };
		8C164B2E29CB2A6800ED7D90 /* Lottie in Frameworks */ = {isa = PBXBuildFile; productRef = 8C164B2D29CB2A6800ED7D90 /* Lottie */; };
		8C164B3029CB2AC300ED7D90 /* StartAnimationViewController.swift in Sources */ = {isa = PBXBuildFile; fileRef = 8C164B2F29CB2AC300ED7D90 /* StartAnimationViewController.swift */; };
		8C214EDF29939AE8005EBB6A /* LogInViewController.swift in Sources */ = {isa = PBXBuildFile; fileRef = 8C214EDE29939AE8005EBB6A /* LogInViewController.swift */; };
		8C214EE12994D55E005EBB6A /* FindIDPasswordViewContoller.swift in Sources */ = {isa = PBXBuildFile; fileRef = 8C214EE02994D55D005EBB6A /* FindIDPasswordViewContoller.swift */; };
		8C214EE32994E02F005EBB6A /* JoinTheMembershipViewController.swift in Sources */ = {isa = PBXBuildFile; fileRef = 8C214EE22994E02F005EBB6A /* JoinTheMembershipViewController.swift */; };
		8C23EA94296D2B3F0042248F /* AppDelegate.swift in Sources */ = {isa = PBXBuildFile; fileRef = 8C23EA93296D2B3F0042248F /* AppDelegate.swift */; };
		8C23EA96296D2B3F0042248F /* SceneDelegate.swift in Sources */ = {isa = PBXBuildFile; fileRef = 8C23EA95296D2B3F0042248F /* SceneDelegate.swift */; };
		8C23EA98296D2B3F0042248F /* BucketListViewController.swift in Sources */ = {isa = PBXBuildFile; fileRef = 8C23EA97296D2B3F0042248F /* BucketListViewController.swift */; };
		8C23EA9D296D2B430042248F /* Assets.xcassets in Resources */ = {isa = PBXBuildFile; fileRef = 8C23EA9C296D2B430042248F /* Assets.xcassets */; };
		8C23EAA0296D2B430042248F /* LaunchScreen.storyboard in Resources */ = {isa = PBXBuildFile; fileRef = 8C23EA9E296D2B430042248F /* LaunchScreen.storyboard */; };
		8C23EAB0296D46DE0042248F /* GroupListViewController.swift in Sources */ = {isa = PBXBuildFile; fileRef = 8C23EAAF296D46DE0042248F /* GroupListViewController.swift */; };
		8C23EAB2296D47130042248F /* MyCheckListViewController.swift in Sources */ = {isa = PBXBuildFile; fileRef = 8C23EAB1296D47130042248F /* MyCheckListViewController.swift */; };
		8C23EAB5296D485C0042248F /* SnapKit in Frameworks */ = {isa = PBXBuildFile; productRef = 8C23EAB4296D485C0042248F /* SnapKit */; };
		8C23EAB7296D526F0042248F /* BucketListTableViewCell.swift in Sources */ = {isa = PBXBuildFile; fileRef = 8C23EAB6296D526F0042248F /* BucketListTableViewCell.swift */; };
		8C4874D929A6194400FD871B /* Kingfisher in Frameworks */ = {isa = PBXBuildFile; productRef = 8C4874D829A6194400FD871B /* Kingfisher */; };
		8C508ACC29A30F2800EF29B8 /* FirebaseAnalytics in Frameworks */ = {isa = PBXBuildFile; productRef = 8C508ACB29A30F2800EF29B8 /* FirebaseAnalytics */; };
		8C508ACE29A30F2800EF29B8 /* FirebaseAnalyticsOnDeviceConversion in Frameworks */ = {isa = PBXBuildFile; productRef = 8C508ACD29A30F2800EF29B8 /* FirebaseAnalyticsOnDeviceConversion */; };
		8C508AD029A30F2800EF29B8 /* FirebaseAnalyticsSwift in Frameworks */ = {isa = PBXBuildFile; productRef = 8C508ACF29A30F2800EF29B8 /* FirebaseAnalyticsSwift */; };
		8C508AD229A30F2800EF29B8 /* FirebaseAnalyticsWithoutAdIdSupport in Frameworks */ = {isa = PBXBuildFile; productRef = 8C508AD129A30F2800EF29B8 /* FirebaseAnalyticsWithoutAdIdSupport */; };
		8C508AD429A30F2800EF29B8 /* FirebaseAppCheck in Frameworks */ = {isa = PBXBuildFile; productRef = 8C508AD329A30F2800EF29B8 /* FirebaseAppCheck */; };
		8C508AD629A30F2800EF29B8 /* FirebaseAppDistribution-Beta in Frameworks */ = {isa = PBXBuildFile; productRef = 8C508AD529A30F2800EF29B8 /* FirebaseAppDistribution-Beta */; };
		8C508AD829A30F2800EF29B8 /* FirebaseAuth in Frameworks */ = {isa = PBXBuildFile; productRef = 8C508AD729A30F2800EF29B8 /* FirebaseAuth */; };
		8C508ADA29A30F2800EF29B8 /* FirebaseAuthCombine-Community in Frameworks */ = {isa = PBXBuildFile; productRef = 8C508AD929A30F2800EF29B8 /* FirebaseAuthCombine-Community */; };
		8C508ADC29A30F2800EF29B8 /* FirebaseCrashlytics in Frameworks */ = {isa = PBXBuildFile; productRef = 8C508ADB29A30F2800EF29B8 /* FirebaseCrashlytics */; };
		8C508ADE29A30F2800EF29B8 /* FirebaseDatabase in Frameworks */ = {isa = PBXBuildFile; productRef = 8C508ADD29A30F2800EF29B8 /* FirebaseDatabase */; };
		8C508AE029A30F2800EF29B8 /* FirebaseDatabaseSwift in Frameworks */ = {isa = PBXBuildFile; productRef = 8C508ADF29A30F2800EF29B8 /* FirebaseDatabaseSwift */; };
		8C508AE229A30F2800EF29B8 /* FirebaseDynamicLinks in Frameworks */ = {isa = PBXBuildFile; productRef = 8C508AE129A30F2800EF29B8 /* FirebaseDynamicLinks */; };
		8C508AE429A30F2800EF29B8 /* FirebaseFirestore in Frameworks */ = {isa = PBXBuildFile; productRef = 8C508AE329A30F2800EF29B8 /* FirebaseFirestore */; };
		8C508AE629A30F2800EF29B8 /* FirebaseFirestoreCombine-Community in Frameworks */ = {isa = PBXBuildFile; productRef = 8C508AE529A30F2800EF29B8 /* FirebaseFirestoreCombine-Community */; };
		8C508AE829A30F2800EF29B8 /* FirebaseFirestoreSwift in Frameworks */ = {isa = PBXBuildFile; productRef = 8C508AE729A30F2800EF29B8 /* FirebaseFirestoreSwift */; };
		8C508AEA29A30F2800EF29B8 /* FirebaseFunctions in Frameworks */ = {isa = PBXBuildFile; productRef = 8C508AE929A30F2800EF29B8 /* FirebaseFunctions */; };
		8C508AEC29A30F2800EF29B8 /* FirebaseFunctionsCombine-Community in Frameworks */ = {isa = PBXBuildFile; productRef = 8C508AEB29A30F2800EF29B8 /* FirebaseFunctionsCombine-Community */; };
		8C508AEE29A30F2800EF29B8 /* FirebaseInAppMessaging-Beta in Frameworks */ = {isa = PBXBuildFile; productRef = 8C508AED29A30F2800EF29B8 /* FirebaseInAppMessaging-Beta */; };
		8C508AF029A30F2800EF29B8 /* FirebaseInAppMessagingSwift-Beta in Frameworks */ = {isa = PBXBuildFile; productRef = 8C508AEF29A30F2800EF29B8 /* FirebaseInAppMessagingSwift-Beta */; };
		8C508AF229A30F2800EF29B8 /* FirebaseInstallations in Frameworks */ = {isa = PBXBuildFile; productRef = 8C508AF129A30F2800EF29B8 /* FirebaseInstallations */; };
		8C508AF429A30F2800EF29B8 /* FirebaseMLModelDownloader in Frameworks */ = {isa = PBXBuildFile; productRef = 8C508AF329A30F2800EF29B8 /* FirebaseMLModelDownloader */; };
		8C508AF629A30F2800EF29B8 /* FirebaseMessaging in Frameworks */ = {isa = PBXBuildFile; productRef = 8C508AF529A30F2800EF29B8 /* FirebaseMessaging */; };
		8C508AF829A30F2800EF29B8 /* FirebasePerformance in Frameworks */ = {isa = PBXBuildFile; productRef = 8C508AF729A30F2800EF29B8 /* FirebasePerformance */; };
		8C508AFA29A30F2800EF29B8 /* FirebaseRemoteConfig in Frameworks */ = {isa = PBXBuildFile; productRef = 8C508AF929A30F2800EF29B8 /* FirebaseRemoteConfig */; };
		8C508AFC29A30F2800EF29B8 /* FirebaseRemoteConfigSwift in Frameworks */ = {isa = PBXBuildFile; productRef = 8C508AFB29A30F2800EF29B8 /* FirebaseRemoteConfigSwift */; };
		8C508AFE29A30F2800EF29B8 /* FirebaseStorage in Frameworks */ = {isa = PBXBuildFile; productRef = 8C508AFD29A30F2800EF29B8 /* FirebaseStorage */; };
		8C508B0029A30F2800EF29B8 /* FirebaseStorageCombine-Community in Frameworks */ = {isa = PBXBuildFile; productRef = 8C508AFF29A30F2800EF29B8 /* FirebaseStorageCombine-Community */; };
		8C527A9229AE010F0076EA0C /* InvitationGroupContentViewController.swift in Sources */ = {isa = PBXBuildFile; fileRef = 8C527A9129AE010F0076EA0C /* InvitationGroupContentViewController.swift */; };
		8C61C95129A35ED500701799 /* TabbarViewController.swift in Sources */ = {isa = PBXBuildFile; fileRef = 8C61C95029A35ED500701799 /* TabbarViewController.swift */; };
		8C70CA4129A5CC6A005F5A0D /* EachGroupRecordsViewController.swift in Sources */ = {isa = PBXBuildFile; fileRef = 8C70CA4029A5CC6A005F5A0D /* EachGroupRecordsViewController.swift */; };
		8C70CA4329A5CD6C005F5A0D /* EachGroupRecordsTableViewCell.swift in Sources */ = {isa = PBXBuildFile; fileRef = 8C70CA4229A5CD6C005F5A0D /* EachGroupRecordsTableViewCell.swift */; };
		8C70CA4529A5DE25005F5A0D /* GroupListTask.swift in Sources */ = {isa = PBXBuildFile; fileRef = 8C70CA4429A5DE25005F5A0D /* GroupListTask.swift */; };
		8C74C24E29CC44A400267152 /* BlueCheck.json in Resources */ = {isa = PBXBuildFile; fileRef = 8C74C24D29CC44A400267152 /* BlueCheck.json */; };
		8C779725296EEFA800E11294 /* BucketListTask.swift in Sources */ = {isa = PBXBuildFile; fileRef = 8C779724296EEFA800E11294 /* BucketListTask.swift */; };
		8C83508929B3498B00C1033F /* GroupListImageCollectionViewCell.swift in Sources */ = {isa = PBXBuildFile; fileRef = 8C83508829B3498B00C1033F /* GroupListImageCollectionViewCell.swift */; };
		8C83508C29B3582000C1033F /* BSImagePicker in Frameworks */ = {isa = PBXBuildFile; productRef = 8C83508B29B3582000C1033F /* BSImagePicker */; };
		8C83508E29B36B9500C1033F /* CreateEachGroupRecordsContentViewImageCollectionCell.swift in Sources */ = {isa = PBXBuildFile; fileRef = 8C83508D29B36B9500C1033F /* CreateEachGroupRecordsContentViewImageCollectionCell.swift */; };
		8C9A6B33298A6F820093D90A /* InviteListViewController.swift in Sources */ = {isa = PBXBuildFile; fileRef = 8C9A6B32298A6F820093D90A /* InviteListViewController.swift */; };
		8C9A6B35298BA7330093D90A /* InviteListTableViewCell.swift in Sources */ = {isa = PBXBuildFile; fileRef = 8C9A6B34298BA7330093D90A /* InviteListTableViewCell.swift */; };
		8C9A6B37298BB0610093D90A /* InvitePersonalInformationViewController.swift in Sources */ = {isa = PBXBuildFile; fileRef = 8C9A6B36298BB0610093D90A /* InvitePersonalInformationViewController.swift */; };
		8C9A6B3A2990EA050093D90A /* MyAccountTableViewCell.swift in Sources */ = {isa = PBXBuildFile; fileRef = 8C9A6B392990EA050093D90A /* MyAccountTableViewCell.swift */; };
		8C9A6B3C2990F08E0093D90A /* InvitationStatusViewController.swift in Sources */ = {isa = PBXBuildFile; fileRef = 8C9A6B3B2990F08E0093D90A /* InvitationStatusViewController.swift */; };
		8C9A6B3E2990F7F40093D90A /* InvitationsStatusTableViewCell.swift in Sources */ = {isa = PBXBuildFile; fileRef = 8C9A6B3D2990F7F40093D90A /* InvitationsStatusTableViewCell.swift */; };
		8C9A6B422991092E0093D90A /* EachGroupRecordTableViewCell.swift in Sources */ = {isa = PBXBuildFile; fileRef = 8C9A6B412991092E0093D90A /* EachGroupRecordTableViewCell.swift */; };
		8C9A6B4429910CAF0093D90A /* CreateEachGroupRecordsContentViewController.swift in Sources */ = {isa = PBXBuildFile; fileRef = 8C9A6B4329910CAF0093D90A /* CreateEachGroupRecordsContentViewController.swift */; };
		8CB2C62029765DCC004F3022 /* MyCheckListTableViewCell.swift in Sources */ = {isa = PBXBuildFile; fileRef = 8CB2C61F29765DCC004F3022 /* MyCheckListTableViewCell.swift */; };
		8CB2C62229766544004F3022 /* MyCheckListSettingViewController.swift in Sources */ = {isa = PBXBuildFile; fileRef = 8CB2C62129766544004F3022 /* MyCheckListSettingViewController.swift */; };
		8CB77EC72979481D00EC6CAC /* MyCheckListTask.swift in Sources */ = {isa = PBXBuildFile; fileRef = 8CB77EC62979481D00EC6CAC /* MyCheckListTask.swift */; };
		8CB9D95329B0734300799495 /* MyProfileSettingController.swift in Sources */ = {isa = PBXBuildFile; fileRef = 8CB9D95229B0734300799495 /* MyProfileSettingController.swift */; };
		8CBFE934297187FC0093C690 /* MyCheckListCollectionViewCell.swift in Sources */ = {isa = PBXBuildFile; fileRef = 8CBFE933297187FC0093C690 /* MyCheckListCollectionViewCell.swift */; };
		8CD3B60C29A0A0EB008EE1C6 /* GoogleService-Info.plist in Resources */ = {isa = PBXBuildFile; fileRef = 8CD3B60B29A0A0EB008EE1C6 /* GoogleService-Info.plist */; };
		8CFCA3CD29A5FE4E0066579C /* FirebaseStorageManager.swift in Sources */ = {isa = PBXBuildFile; fileRef = 8CFCA3CC29A5FE4E0066579C /* FirebaseStorageManager.swift */; };
/* End PBXBuildFile section */

/* Begin PBXFileReference section */
		8C0EDB242989153F007FD35C /* MyAccountViewController.swift */ = {isa = PBXFileReference; lastKnownFileType = sourcecode.swift; path = MyAccountViewController.swift; sourceTree = "<group>"; };
		8C0EDB2629891D61007FD35C /* GroupListTableViewCell.swift */ = {isa = PBXFileReference; lastKnownFileType = sourcecode.swift; path = GroupListTableViewCell.swift; sourceTree = "<group>"; };
		8C0EDB28298928AC007FD35C /* CreateGroupViewController.swift */ = {isa = PBXFileReference; lastKnownFileType = sourcecode.swift; path = CreateGroupViewController.swift; sourceTree = "<group>"; };
		8C164B2829C88AB600ED7D90 /* Maplestory OTF Bold.otf */ = {isa = PBXFileReference; lastKnownFileType = file; path = "Maplestory OTF Bold.otf"; sourceTree = "<group>"; };
		8C164B2929C88AB700ED7D90 /* Maplestory OTF Light.otf */ = {isa = PBXFileReference; lastKnownFileType = file; path = "Maplestory OTF Light.otf"; sourceTree = "<group>"; };
		8C164B2F29CB2AC300ED7D90 /* StartAnimationViewController.swift */ = {isa = PBXFileReference; lastKnownFileType = sourcecode.swift; path = StartAnimationViewController.swift; sourceTree = "<group>"; };
		8C214EDE29939AE8005EBB6A /* LogInViewController.swift */ = {isa = PBXFileReference; lastKnownFileType = sourcecode.swift; path = LogInViewController.swift; sourceTree = "<group>"; };
		8C214EE02994D55D005EBB6A /* FindIDPasswordViewContoller.swift */ = {isa = PBXFileReference; lastKnownFileType = sourcecode.swift; path = FindIDPasswordViewContoller.swift; sourceTree = "<group>"; };
		8C214EE22994E02F005EBB6A /* JoinTheMembershipViewController.swift */ = {isa = PBXFileReference; lastKnownFileType = sourcecode.swift; path = JoinTheMembershipViewController.swift; sourceTree = "<group>"; };
		8C23EA90296D2B3F0042248F /* BlueCheck.app */ = {isa = PBXFileReference; explicitFileType = wrapper.application; includeInIndex = 0; path = BlueCheck.app; sourceTree = BUILT_PRODUCTS_DIR; };
		8C23EA93296D2B3F0042248F /* AppDelegate.swift */ = {isa = PBXFileReference; lastKnownFileType = sourcecode.swift; path = AppDelegate.swift; sourceTree = "<group>"; };
		8C23EA95296D2B3F0042248F /* SceneDelegate.swift */ = {isa = PBXFileReference; lastKnownFileType = sourcecode.swift; path = SceneDelegate.swift; sourceTree = "<group>"; };
		8C23EA97296D2B3F0042248F /* BucketListViewController.swift */ = {isa = PBXFileReference; lastKnownFileType = sourcecode.swift; path = BucketListViewController.swift; sourceTree = "<group>"; };
		8C23EA9C296D2B430042248F /* Assets.xcassets */ = {isa = PBXFileReference; lastKnownFileType = folder.assetcatalog; path = Assets.xcassets; sourceTree = "<group>"; };
		8C23EA9F296D2B430042248F /* Base */ = {isa = PBXFileReference; lastKnownFileType = file.storyboard; name = Base; path = Base.lproj/LaunchScreen.storyboard; sourceTree = "<group>"; };
		8C23EAA1296D2B430042248F /* Info.plist */ = {isa = PBXFileReference; lastKnownFileType = text.plist.xml; path = Info.plist; sourceTree = "<group>"; };
		8C23EAAF296D46DE0042248F /* GroupListViewController.swift */ = {isa = PBXFileReference; lastKnownFileType = sourcecode.swift; path = GroupListViewController.swift; sourceTree = "<group>"; };
		8C23EAB1296D47130042248F /* MyCheckListViewController.swift */ = {isa = PBXFileReference; lastKnownFileType = sourcecode.swift; path = MyCheckListViewController.swift; sourceTree = "<group>"; };
		8C23EAB6296D526F0042248F /* BucketListTableViewCell.swift */ = {isa = PBXFileReference; lastKnownFileType = sourcecode.swift; path = BucketListTableViewCell.swift; sourceTree = "<group>"; };
		8C527A9129AE010F0076EA0C /* InvitationGroupContentViewController.swift */ = {isa = PBXFileReference; lastKnownFileType = sourcecode.swift; path = InvitationGroupContentViewController.swift; sourceTree = "<group>"; };
		8C527A9329AF4C990076EA0C /* BlueCheck.entitlements */ = {isa = PBXFileReference; lastKnownFileType = text.plist.entitlements; path = BlueCheck.entitlements; sourceTree = "<group>"; };
		8C61C95029A35ED500701799 /* TabbarViewController.swift */ = {isa = PBXFileReference; lastKnownFileType = sourcecode.swift; path = TabbarViewController.swift; sourceTree = "<group>"; };
		8C70CA4029A5CC6A005F5A0D /* EachGroupRecordsViewController.swift */ = {isa = PBXFileReference; lastKnownFileType = sourcecode.swift; path = EachGroupRecordsViewController.swift; sourceTree = "<group>"; };
		8C70CA4229A5CD6C005F5A0D /* EachGroupRecordsTableViewCell.swift */ = {isa = PBXFileReference; lastKnownFileType = sourcecode.swift; path = EachGroupRecordsTableViewCell.swift; sourceTree = "<group>"; };
		8C70CA4429A5DE25005F5A0D /* GroupListTask.swift */ = {isa = PBXFileReference; lastKnownFileType = sourcecode.swift; path = GroupListTask.swift; sourceTree = "<group>"; };
		8C74C24D29CC44A400267152 /* BlueCheck.json */ = {isa = PBXFileReference; fileEncoding = 4; lastKnownFileType = text.json; path = BlueCheck.json; sourceTree = "<group>"; };
		8C779724296EEFA800E11294 /* BucketListTask.swift */ = {isa = PBXFileReference; lastKnownFileType = sourcecode.swift; path = BucketListTask.swift; sourceTree = "<group>"; };
		8C83508829B3498B00C1033F /* GroupListImageCollectionViewCell.swift */ = {isa = PBXFileReference; lastKnownFileType = sourcecode.swift; path = GroupListImageCollectionViewCell.swift; sourceTree = "<group>"; };
		8C83508D29B36B9500C1033F /* CreateEachGroupRecordsContentViewImageCollectionCell.swift */ = {isa = PBXFileReference; lastKnownFileType = sourcecode.swift; path = CreateEachGroupRecordsContentViewImageCollectionCell.swift; sourceTree = "<group>"; };
		8C9A6B32298A6F820093D90A /* InviteListViewController.swift */ = {isa = PBXFileReference; lastKnownFileType = sourcecode.swift; path = InviteListViewController.swift; sourceTree = "<group>"; };
		8C9A6B34298BA7330093D90A /* InviteListTableViewCell.swift */ = {isa = PBXFileReference; lastKnownFileType = sourcecode.swift; path = InviteListTableViewCell.swift; sourceTree = "<group>"; };
		8C9A6B36298BB0610093D90A /* InvitePersonalInformationViewController.swift */ = {isa = PBXFileReference; lastKnownFileType = sourcecode.swift; path = InvitePersonalInformationViewController.swift; sourceTree = "<group>"; };
		8C9A6B392990EA050093D90A /* MyAccountTableViewCell.swift */ = {isa = PBXFileReference; lastKnownFileType = sourcecode.swift; path = MyAccountTableViewCell.swift; sourceTree = "<group>"; };
		8C9A6B3B2990F08E0093D90A /* InvitationStatusViewController.swift */ = {isa = PBXFileReference; lastKnownFileType = sourcecode.swift; path = InvitationStatusViewController.swift; sourceTree = "<group>"; };
		8C9A6B3D2990F7F40093D90A /* InvitationsStatusTableViewCell.swift */ = {isa = PBXFileReference; lastKnownFileType = sourcecode.swift; path = InvitationsStatusTableViewCell.swift; sourceTree = "<group>"; };
		8C9A6B412991092E0093D90A /* EachGroupRecordTableViewCell.swift */ = {isa = PBXFileReference; lastKnownFileType = sourcecode.swift; path = EachGroupRecordTableViewCell.swift; sourceTree = "<group>"; };
		8C9A6B4329910CAF0093D90A /* CreateEachGroupRecordsContentViewController.swift */ = {isa = PBXFileReference; lastKnownFileType = sourcecode.swift; path = CreateEachGroupRecordsContentViewController.swift; sourceTree = "<group>"; };
		8CB2C61F29765DCC004F3022 /* MyCheckListTableViewCell.swift */ = {isa = PBXFileReference; lastKnownFileType = sourcecode.swift; path = MyCheckListTableViewCell.swift; sourceTree = "<group>"; };
		8CB2C62129766544004F3022 /* MyCheckListSettingViewController.swift */ = {isa = PBXFileReference; lastKnownFileType = sourcecode.swift; path = MyCheckListSettingViewController.swift; sourceTree = "<group>"; };
		8CB77EC62979481D00EC6CAC /* MyCheckListTask.swift */ = {isa = PBXFileReference; lastKnownFileType = sourcecode.swift; path = MyCheckListTask.swift; sourceTree = "<group>"; };
		8CB9D95229B0734300799495 /* MyProfileSettingController.swift */ = {isa = PBXFileReference; lastKnownFileType = sourcecode.swift; path = MyProfileSettingController.swift; sourceTree = "<group>"; };
		8CBFE933297187FC0093C690 /* MyCheckListCollectionViewCell.swift */ = {isa = PBXFileReference; lastKnownFileType = sourcecode.swift; path = MyCheckListCollectionViewCell.swift; sourceTree = "<group>"; };
		8CD3B60B29A0A0EB008EE1C6 /* GoogleService-Info.plist */ = {isa = PBXFileReference; fileEncoding = 4; lastKnownFileType = text.plist.xml; path = "GoogleService-Info.plist"; sourceTree = "<group>"; };
		8CFCA3CC29A5FE4E0066579C /* FirebaseStorageManager.swift */ = {isa = PBXFileReference; lastKnownFileType = sourcecode.swift; path = FirebaseStorageManager.swift; sourceTree = "<group>"; };
/* End PBXFileReference section */

/* Begin PBXFrameworksBuildPhase section */
		8C23EA8D296D2B3F0042248F /* Frameworks */ = {
			isa = PBXFrameworksBuildPhase;
			buildActionMask = 2147483647;
			files = (
				8C508AEA29A30F2800EF29B8 /* FirebaseFunctions in Frameworks */,
				8C508AE029A30F2800EF29B8 /* FirebaseDatabaseSwift in Frameworks */,
				8C508AF029A30F2800EF29B8 /* FirebaseInAppMessagingSwift-Beta in Frameworks */,
				8C508AF629A30F2800EF29B8 /* FirebaseMessaging in Frameworks */,
				8C508AD629A30F2800EF29B8 /* FirebaseAppDistribution-Beta in Frameworks */,
				8C508ADA29A30F2800EF29B8 /* FirebaseAuthCombine-Community in Frameworks */,
				8C508AE629A30F2800EF29B8 /* FirebaseFirestoreCombine-Community in Frameworks */,
				8C508AD029A30F2800EF29B8 /* FirebaseAnalyticsSwift in Frameworks */,
				8C4874D929A6194400FD871B /* Kingfisher in Frameworks */,
				8C508AF429A30F2800EF29B8 /* FirebaseMLModelDownloader in Frameworks */,
				8C508AD229A30F2800EF29B8 /* FirebaseAnalyticsWithoutAdIdSupport in Frameworks */,
				8C164B2E29CB2A6800ED7D90 /* Lottie in Frameworks */,
				8C508ACC29A30F2800EF29B8 /* FirebaseAnalytics in Frameworks */,
				8C508AE829A30F2800EF29B8 /* FirebaseFirestoreSwift in Frameworks */,
				8C83508C29B3582000C1033F /* BSImagePicker in Frameworks */,
				8C508ACE29A30F2800EF29B8 /* FirebaseAnalyticsOnDeviceConversion in Frameworks */,
				8C508AD429A30F2800EF29B8 /* FirebaseAppCheck in Frameworks */,
				8C508AF829A30F2800EF29B8 /* FirebasePerformance in Frameworks */,
				8C508AEE29A30F2800EF29B8 /* FirebaseInAppMessaging-Beta in Frameworks */,
				8C508AEC29A30F2800EF29B8 /* FirebaseFunctionsCombine-Community in Frameworks */,
				8C508ADC29A30F2800EF29B8 /* FirebaseCrashlytics in Frameworks */,
				8C508AF229A30F2800EF29B8 /* FirebaseInstallations in Frameworks */,
				8C508AFA29A30F2800EF29B8 /* FirebaseRemoteConfig in Frameworks */,
				8C508AFE29A30F2800EF29B8 /* FirebaseStorage in Frameworks */,
				8C508ADE29A30F2800EF29B8 /* FirebaseDatabase in Frameworks */,
				8C508B0029A30F2800EF29B8 /* FirebaseStorageCombine-Community in Frameworks */,
				8C23EAB5296D485C0042248F /* SnapKit in Frameworks */,
				8C508AD829A30F2800EF29B8 /* FirebaseAuth in Frameworks */,
				8C508AE229A30F2800EF29B8 /* FirebaseDynamicLinks in Frameworks */,
				8C508AE429A30F2800EF29B8 /* FirebaseFirestore in Frameworks */,
				8C508AFC29A30F2800EF29B8 /* FirebaseRemoteConfigSwift in Frameworks */,
			);
			runOnlyForDeploymentPostprocessing = 0;
		};
/* End PBXFrameworksBuildPhase section */

/* Begin PBXGroup section */
		8C0EDB2329891502007FD35C /* MyAccountView */ = {
			isa = PBXGroup;
			children = (
				8C74C27729CC72F100267152 /* TableViewCell */,
				8C74C27529CC72D600267152 /* InvitationStatusView */,
				8C74C27429CC72B900267152 /* MyProfileSettingView */,
				8C74C27329CC728200267152 /* ViewController */,
			);
			path = MyAccountView;
			sourceTree = "<group>";
		};
		8C164B2629C88A8B00ED7D90 /* Resource */ = {
			isa = PBXGroup;
			children = (
				8C164B2729C88A9A00ED7D90 /* Font */,
			);
			path = Resource;
			sourceTree = "<group>";
		};
		8C164B2729C88A9A00ED7D90 /* Font */ = {
			isa = PBXGroup;
			children = (
				8C164B2829C88AB600ED7D90 /* Maplestory OTF Bold.otf */,
				8C164B2929C88AB700ED7D90 /* Maplestory OTF Light.otf */,
			);
			path = Font;
			sourceTree = "<group>";
		};
		8C23EA87296D2B3F0042248F = {
			isa = PBXGroup;
			children = (
				8C164B2629C88A8B00ED7D90 /* Resource */,
				8C23EA92296D2B3F0042248F /* BlueCheck */,
				8C23EA91296D2B3F0042248F /* Products */,
			);
			sourceTree = "<group>";
		};
		8C23EA91296D2B3F0042248F /* Products */ = {
			isa = PBXGroup;
			children = (
				8C23EA90296D2B3F0042248F /* BlueCheck.app */,
			);
			name = Products;
			sourceTree = "<group>";
		};
		8C23EA92296D2B3F0042248F /* BlueCheck */ = {
			isa = PBXGroup;
			children = (
				8C527A9329AF4C990076EA0C /* BlueCheck.entitlements */,
				8C74C24F29CC4CAA00267152 /* LoadingView */,
				8C74C25229CC4EB300267152 /* TabbarView */,
				8C74C25329CC4FC400267152 /* AuthView */,
				8C23EAAA296D3DD80042248F /* BucketListView */,
				8C23EAAB296D3E160042248F /* MyCheckListView */,
				8C23EAAC296D3E260042248F /* GroupListView */,
				8C0EDB2329891502007FD35C /* MyAccountView */,
				8C23EA93296D2B3F0042248F /* AppDelegate.swift */,
				8C23EA95296D2B3F0042248F /* SceneDelegate.swift */,
				8C23EA9C296D2B430042248F /* Assets.xcassets */,
				8C23EA9E296D2B430042248F /* LaunchScreen.storyboard */,
				8C23EAA1296D2B430042248F /* Info.plist */,
				8CD3B60B29A0A0EB008EE1C6 /* GoogleService-Info.plist */,
			);
			path = BlueCheck;
			sourceTree = "<group>";
		};
		8C23EAAA296D3DD80042248F /* BucketListView */ = {
			isa = PBXGroup;
			children = (
				8C74C25B29CC52A900267152 /* BucketListTableViewCell */,
				8C74C25A29CC529400267152 /* ViewController */,
			);
			path = BucketListView;
			sourceTree = "<group>";
		};
		8C23EAAB296D3E160042248F /* MyCheckListView */ = {
			isa = PBXGroup;
			children = (
				8C74C26129CC547900267152 /* MyCheckListTaskMadeOfStruct */,
				8C74C25E29CC53E200267152 /* MyCheckListSettingView */,
				8C74C25C29CC52CD00267152 /* MyCheckListView */,
			);
			path = MyCheckListView;
			sourceTree = "<group>";
		};
		8C23EAAC296D3E260042248F /* GroupListView */ = {
			isa = PBXGroup;
			children = (
				8C74C27029CC6D5300267152 /* EachGroupRecordsView */,
				8C74C26B29CC6A6A00267152 /* GroupListTaskMadeofStruct */,
				8C74C26929CC6A2900267152 /* CreateGroupView */,
				8C74C26729CC69D400267152 /* FirebaseStorageManager */,
				8C74C26429CC68F100267152 /* CreateEachGroupRecordsContentView */,
				8C74C26229CC67EB00267152 /* GroupListView */,
				8C9A6B412991092E0093D90A /* EachGroupRecordTableViewCell.swift */,
				8C83508829B3498B00C1033F /* GroupListImageCollectionViewCell.swift */,
				8C9A6B38298BB0780093D90A /* InviteListView */,
			);
			path = GroupListView;
			sourceTree = "<group>";
		};
		8C74C24F29CC4CAA00267152 /* LoadingView */ = {
			isa = PBXGroup;
			children = (
				8C74C25129CC4D1100267152 /* Resource */,
				8C74C25029CC4CDB00267152 /* ViewController */,
			);
			path = LoadingView;
			sourceTree = "<group>";
		};
		8C74C25029CC4CDB00267152 /* ViewController */ = {
			isa = PBXGroup;
			children = (
				8C164B2F29CB2AC300ED7D90 /* StartAnimationViewController.swift */,
			);
			path = ViewController;
			sourceTree = "<group>";
		};
		8C74C25129CC4D1100267152 /* Resource */ = {
			isa = PBXGroup;
			children = (
				8C74C24D29CC44A400267152 /* BlueCheck.json */,
			);
			path = Resource;
			sourceTree = "<group>";
		};
		8C74C25229CC4EB300267152 /* TabbarView */ = {
			isa = PBXGroup;
			children = (
				8C61C95029A35ED500701799 /* TabbarViewController.swift */,
			);
			path = TabbarView;
			sourceTree = "<group>";
		};
		8C74C25329CC4FC400267152 /* AuthView */ = {
			isa = PBXGroup;
			children = (
				8C74C25829CC51E200267152 /* JoinTheMembershipView */,
				8C74C25629CC513400267152 /* FindIDPasswordView */,
				8C74C25429CC502100267152 /* LogInView */,
			);
			path = AuthView;
			sourceTree = "<group>";
		};
		8C74C25429CC502100267152 /* LogInView */ = {
			isa = PBXGroup;
			children = (
				8C74C25529CC510E00267152 /* ViewController */,
			);
			path = LogInView;
			sourceTree = "<group>";
		};
		8C74C25529CC510E00267152 /* ViewController */ = {
			isa = PBXGroup;
			children = (
				8C214EDE29939AE8005EBB6A /* LogInViewController.swift */,
			);
			path = ViewController;
			sourceTree = "<group>";
		};
		8C74C25629CC513400267152 /* FindIDPasswordView */ = {
			isa = PBXGroup;
			children = (
				8C74C25729CC515E00267152 /* ViewController */,
			);
			path = FindIDPasswordView;
			sourceTree = "<group>";
		};
		8C74C25729CC515E00267152 /* ViewController */ = {
			isa = PBXGroup;
			children = (
				8C214EE02994D55D005EBB6A /* FindIDPasswordViewContoller.swift */,
			);
			path = ViewController;
			sourceTree = "<group>";
		};
		8C74C25829CC51E200267152 /* JoinTheMembershipView */ = {
			isa = PBXGroup;
			children = (
				8C74C25929CC521D00267152 /* ViewController */,
			);
			path = JoinTheMembershipView;
			sourceTree = "<group>";
		};
		8C74C25929CC521D00267152 /* ViewController */ = {
			isa = PBXGroup;
			children = (
				8C214EE22994E02F005EBB6A /* JoinTheMembershipViewController.swift */,
			);
			path = ViewController;
			sourceTree = "<group>";
		};
		8C74C25A29CC529400267152 /* ViewController */ = {
			isa = PBXGroup;
			children = (
				8C23EA97296D2B3F0042248F /* BucketListViewController.swift */,
			);
			path = ViewController;
			sourceTree = "<group>";
		};
		8C74C25B29CC52A900267152 /* BucketListTableViewCell */ = {
			isa = PBXGroup;
			children = (
				8C23EAB6296D526F0042248F /* BucketListTableViewCell.swift */,
			);
			path = BucketListTableViewCell;
			sourceTree = "<group>";
		};
		8C74C25C29CC52CD00267152 /* MyCheckListView */ = {
			isa = PBXGroup;
			children = (
				8C74C26029CC542E00267152 /* CollectionViewCell */,
				8C74C25F29CC53FD00267152 /* TableViewCell */,
				8C74C25D29CC53C800267152 /* ViewController */,
			);
			path = MyCheckListView;
			sourceTree = "<group>";
		};
		8C74C25D29CC53C800267152 /* ViewController */ = {
			isa = PBXGroup;
			children = (
				8C23EAB1296D47130042248F /* MyCheckListViewController.swift */,
			);
			path = ViewController;
			sourceTree = "<group>";
		};
		8C74C25E29CC53E200267152 /* MyCheckListSettingView */ = {
			isa = PBXGroup;
			children = (
				8CB2C62129766544004F3022 /* MyCheckListSettingViewController.swift */,
			);
			path = MyCheckListSettingView;
			sourceTree = "<group>";
		};
		8C74C25F29CC53FD00267152 /* TableViewCell */ = {
			isa = PBXGroup;
			children = (
				8CB2C61F29765DCC004F3022 /* MyCheckListTableViewCell.swift */,
			);
			path = TableViewCell;
			sourceTree = "<group>";
		};
		8C74C26029CC542E00267152 /* CollectionViewCell */ = {
			isa = PBXGroup;
			children = (
				8CBFE933297187FC0093C690 /* MyCheckListCollectionViewCell.swift */,
			);
			path = CollectionViewCell;
			sourceTree = "<group>";
		};
		8C74C26129CC547900267152 /* MyCheckListTaskMadeOfStruct */ = {
			isa = PBXGroup;
			children = (
				8C779724296EEFA800E11294 /* BucketListTask.swift */,
				8CB77EC62979481D00EC6CAC /* MyCheckListTask.swift */,
			);
			path = MyCheckListTaskMadeOfStruct;
			sourceTree = "<group>";
		};
		8C74C26229CC67EB00267152 /* GroupListView */ = {
			isa = PBXGroup;
			children = (
				8C74C26829CC6A0900267152 /* TableViewCell */,
				8C74C26329CC68A600267152 /* ViewController */,
			);
			path = GroupListView;
			sourceTree = "<group>";
		};
		8C74C26329CC68A600267152 /* ViewController */ = {
			isa = PBXGroup;
			children = (
				8C23EAAF296D46DE0042248F /* GroupListViewController.swift */,
			);
			path = ViewController;
			sourceTree = "<group>";
		};
		8C74C26429CC68F100267152 /* CreateEachGroupRecordsContentView */ = {
			isa = PBXGroup;
			children = (
				8C74C26629CC695F00267152 /* CollectionViewCell */,
				8C74C26529CC693400267152 /* ViewController */,
			);
			path = CreateEachGroupRecordsContentView;
			sourceTree = "<group>";
		};
		8C74C26529CC693400267152 /* ViewController */ = {
			isa = PBXGroup;
			children = (
				8C9A6B4329910CAF0093D90A /* CreateEachGroupRecordsContentViewController.swift */,
			);
			path = ViewController;
			sourceTree = "<group>";
		};
		8C74C26629CC695F00267152 /* CollectionViewCell */ = {
			isa = PBXGroup;
			children = (
				8C83508D29B36B9500C1033F /* CreateEachGroupRecordsContentViewImageCollectionCell.swift */,
			);
			path = CollectionViewCell;
			sourceTree = "<group>";
		};
		8C74C26729CC69D400267152 /* FirebaseStorageManager */ = {
			isa = PBXGroup;
			children = (
				8CFCA3CC29A5FE4E0066579C /* FirebaseStorageManager.swift */,
			);
			path = FirebaseStorageManager;
			sourceTree = "<group>";
		};
		8C74C26829CC6A0900267152 /* TableViewCell */ = {
			isa = PBXGroup;
			children = (
				8C0EDB2629891D61007FD35C /* GroupListTableViewCell.swift */,
			);
			path = TableViewCell;
			sourceTree = "<group>";
		};
		8C74C26929CC6A2900267152 /* CreateGroupView */ = {
			isa = PBXGroup;
			children = (
				8C74C26A29CC6A3900267152 /* ViewController */,
			);
			path = CreateGroupView;
			sourceTree = "<group>";
		};
		8C74C26A29CC6A3900267152 /* ViewController */ = {
			isa = PBXGroup;
			children = (
				8C0EDB28298928AC007FD35C /* CreateGroupViewController.swift */,
			);
			path = ViewController;
			sourceTree = "<group>";
		};
		8C74C26B29CC6A6A00267152 /* GroupListTaskMadeofStruct */ = {
			isa = PBXGroup;
			children = (
				8C70CA4429A5DE25005F5A0D /* GroupListTask.swift */,
			);
			path = GroupListTaskMadeofStruct;
			sourceTree = "<group>";
		};
		8C74C26C29CC6BE700267152 /* ViewController */ = {
			isa = PBXGroup;
			children = (
				8C9A6B32298A6F820093D90A /* InviteListViewController.swift */,
			);
			path = ViewController;
			sourceTree = "<group>";
		};
		8C74C26D29CC6BF300267152 /* TableViewCell */ = {
			isa = PBXGroup;
			children = (
				8C9A6B34298BA7330093D90A /* InviteListTableViewCell.swift */,
			);
			path = TableViewCell;
			sourceTree = "<group>";
		};
		8C74C26E29CC6BFE00267152 /* InvitePersonalInforamtionView */ = {
			isa = PBXGroup;
			children = (
				8C74C26F29CC6C1B00267152 /* ViewController */,
			);
			path = InvitePersonalInforamtionView;
			sourceTree = "<group>";
		};
		8C74C26F29CC6C1B00267152 /* ViewController */ = {
			isa = PBXGroup;
			children = (
				8C9A6B36298BB0610093D90A /* InvitePersonalInformationViewController.swift */,
			);
			path = ViewController;
			sourceTree = "<group>";
		};
		8C74C27029CC6D5300267152 /* EachGroupRecordsView */ = {
			isa = PBXGroup;
			children = (
				8C74C27229CC70A500267152 /* TableViewCell */,
				8C74C27129CC6DD800267152 /* ViewController */,
			);
			path = EachGroupRecordsView;
			sourceTree = "<group>";
		};
		8C74C27129CC6DD800267152 /* ViewController */ = {
			isa = PBXGroup;
			children = (
				8C70CA4029A5CC6A005F5A0D /* EachGroupRecordsViewController.swift */,
			);
			path = ViewController;
			sourceTree = "<group>";
		};
		8C74C27229CC70A500267152 /* TableViewCell */ = {
			isa = PBXGroup;
			children = (
				8C70CA4229A5CD6C005F5A0D /* EachGroupRecordsTableViewCell.swift */,
			);
			path = TableViewCell;
			sourceTree = "<group>";
		};
		8C74C27329CC728200267152 /* ViewController */ = {
			isa = PBXGroup;
			children = (
				8C0EDB242989153F007FD35C /* MyAccountViewController.swift */,
			);
			path = ViewController;
			sourceTree = "<group>";
		};
		8C74C27429CC72B900267152 /* MyProfileSettingView */ = {
			isa = PBXGroup;
			children = (
				8CB9D95229B0734300799495 /* MyProfileSettingController.swift */,
			);
			path = MyProfileSettingView;
			sourceTree = "<group>";
		};
		8C74C27529CC72D600267152 /* InvitationStatusView */ = {
			isa = PBXGroup;
			children = (
				8C74C27829CC731500267152 /* TableViewCell */,
				8C74C27629CC72E000267152 /* ViewController */,
			);
			path = InvitationStatusView;
			sourceTree = "<group>";
		};
		8C74C27629CC72E000267152 /* ViewController */ = {
			isa = PBXGroup;
			children = (
				8C527A9129AE010F0076EA0C /* InvitationGroupContentViewController.swift */,
				8C9A6B3B2990F08E0093D90A /* InvitationStatusViewController.swift */,
			);
			path = ViewController;
			sourceTree = "<group>";
		};
		8C74C27729CC72F100267152 /* TableViewCell */ = {
			isa = PBXGroup;
			children = (
				8C9A6B392990EA050093D90A /* MyAccountTableViewCell.swift */,
			);
			path = TableViewCell;
			sourceTree = "<group>";
		};
		8C74C27829CC731500267152 /* TableViewCell */ = {
			isa = PBXGroup;
			children = (
				8C9A6B3D2990F7F40093D90A /* InvitationsStatusTableViewCell.swift */,
			);
			path = TableViewCell;
			sourceTree = "<group>";
		};
		8C9A6B38298BB0780093D90A /* InviteListView */ = {
			isa = PBXGroup;
			children = (
				8C74C26E29CC6BFE00267152 /* InvitePersonalInforamtionView */,
				8C74C26D29CC6BF300267152 /* TableViewCell */,
				8C74C26C29CC6BE700267152 /* ViewController */,
			);
			path = InviteListView;
			sourceTree = "<group>";
		};
/* End PBXGroup section */

/* Begin PBXNativeTarget section */
		8C23EA8F296D2B3F0042248F /* BlueCheck */ = {
			isa = PBXNativeTarget;
			buildConfigurationList = 8C23EAA4296D2B430042248F /* Build configuration list for PBXNativeTarget "BlueCheck" */;
			buildPhases = (
				8C23EA8C296D2B3F0042248F /* Sources */,
				8C23EA8D296D2B3F0042248F /* Frameworks */,
				8C23EA8E296D2B3F0042248F /* Resources */,
			);
			buildRules = (
			);
			dependencies = (
			);
			name = BlueCheck;
			packageProductDependencies = (
				8C23EAB4296D485C0042248F /* SnapKit */,
				8C508ACB29A30F2800EF29B8 /* FirebaseAnalytics */,
				8C508ACD29A30F2800EF29B8 /* FirebaseAnalyticsOnDeviceConversion */,
				8C508ACF29A30F2800EF29B8 /* FirebaseAnalyticsSwift */,
				8C508AD129A30F2800EF29B8 /* FirebaseAnalyticsWithoutAdIdSupport */,
				8C508AD329A30F2800EF29B8 /* FirebaseAppCheck */,
				8C508AD529A30F2800EF29B8 /* FirebaseAppDistribution-Beta */,
				8C508AD729A30F2800EF29B8 /* FirebaseAuth */,
				8C508AD929A30F2800EF29B8 /* FirebaseAuthCombine-Community */,
				8C508ADB29A30F2800EF29B8 /* FirebaseCrashlytics */,
				8C508ADD29A30F2800EF29B8 /* FirebaseDatabase */,
				8C508ADF29A30F2800EF29B8 /* FirebaseDatabaseSwift */,
				8C508AE129A30F2800EF29B8 /* FirebaseDynamicLinks */,
				8C508AE329A30F2800EF29B8 /* FirebaseFirestore */,
				8C508AE529A30F2800EF29B8 /* FirebaseFirestoreCombine-Community */,
				8C508AE729A30F2800EF29B8 /* FirebaseFirestoreSwift */,
				8C508AE929A30F2800EF29B8 /* FirebaseFunctions */,
				8C508AEB29A30F2800EF29B8 /* FirebaseFunctionsCombine-Community */,
				8C508AED29A30F2800EF29B8 /* FirebaseInAppMessaging-Beta */,
				8C508AEF29A30F2800EF29B8 /* FirebaseInAppMessagingSwift-Beta */,
				8C508AF129A30F2800EF29B8 /* FirebaseInstallations */,
				8C508AF329A30F2800EF29B8 /* FirebaseMLModelDownloader */,
				8C508AF529A30F2800EF29B8 /* FirebaseMessaging */,
				8C508AF729A30F2800EF29B8 /* FirebasePerformance */,
				8C508AF929A30F2800EF29B8 /* FirebaseRemoteConfig */,
				8C508AFB29A30F2800EF29B8 /* FirebaseRemoteConfigSwift */,
				8C508AFD29A30F2800EF29B8 /* FirebaseStorage */,
				8C508AFF29A30F2800EF29B8 /* FirebaseStorageCombine-Community */,
				8C4874D829A6194400FD871B /* Kingfisher */,
				8C83508B29B3582000C1033F /* BSImagePicker */,
				8C164B2D29CB2A6800ED7D90 /* Lottie */,
			);
			productName = BlueCheck;
			productReference = 8C23EA90296D2B3F0042248F /* BlueCheck.app */;
			productType = "com.apple.product-type.application";
		};
/* End PBXNativeTarget section */

/* Begin PBXProject section */
		8C23EA88296D2B3F0042248F /* Project object */ = {
			isa = PBXProject;
			attributes = {
				BuildIndependentTargetsInParallel = 1;
				LastSwiftUpdateCheck = 1400;
				LastUpgradeCheck = 1400;
				TargetAttributes = {
					8C23EA8F296D2B3F0042248F = {
						CreatedOnToolsVersion = 14.0.1;
					};
				};
			};
			buildConfigurationList = 8C23EA8B296D2B3F0042248F /* Build configuration list for PBXProject "BlueCheck" */;
			compatibilityVersion = "Xcode 12.0";
			developmentRegion = en;
			hasScannedForEncodings = 0;
			knownRegions = (
				en,
				Base,
			);
			mainGroup = 8C23EA87296D2B3F0042248F;
			packageReferences = (
				8C23EAB3296D485C0042248F /* XCRemoteSwiftPackageReference "SnapKit" */,
				8C508ACA29A30F2800EF29B8 /* XCRemoteSwiftPackageReference "firebase-ios-sdk" */,
				8C4874D729A6194400FD871B /* XCRemoteSwiftPackageReference "Kingfisher" */,
				8C83508A29B3582000C1033F /* XCRemoteSwiftPackageReference "BSImagePicker" */,
				8C164B2C29CB2A6700ED7D90 /* XCRemoteSwiftPackageReference "lottie-ios" */,
			);
			productRefGroup = 8C23EA91296D2B3F0042248F /* Products */;
			projectDirPath = "";
			projectRoot = "";
			targets = (
				8C23EA8F296D2B3F0042248F /* BlueCheck */,
			);
		};
/* End PBXProject section */

/* Begin PBXResourcesBuildPhase section */
		8C23EA8E296D2B3F0042248F /* Resources */ = {
			isa = PBXResourcesBuildPhase;
			buildActionMask = 2147483647;
			files = (
				8C164B2B29C88AB700ED7D90 /* Maplestory OTF Light.otf in Resources */,
				8C23EAA0296D2B430042248F /* LaunchScreen.storyboard in Resources */,
				8C164B2A29C88AB700ED7D90 /* Maplestory OTF Bold.otf in Resources */,
				8CD3B60C29A0A0EB008EE1C6 /* GoogleService-Info.plist in Resources */,
				8C23EA9D296D2B430042248F /* Assets.xcassets in Resources */,
				8C74C24E29CC44A400267152 /* BlueCheck.json in Resources */,
			);
			runOnlyForDeploymentPostprocessing = 0;
		};
/* End PBXResourcesBuildPhase section */

/* Begin PBXSourcesBuildPhase section */
		8C23EA8C296D2B3F0042248F /* Sources */ = {
			isa = PBXSourcesBuildPhase;
			buildActionMask = 2147483647;
			files = (
				8C23EA98296D2B3F0042248F /* BucketListViewController.swift in Sources */,
				8C23EAB0296D46DE0042248F /* GroupListViewController.swift in Sources */,
				8C83508E29B36B9500C1033F /* CreateEachGroupRecordsContentViewImageCollectionCell.swift in Sources */,
				8C9A6B3E2990F7F40093D90A /* InvitationsStatusTableViewCell.swift in Sources */,
				8C0EDB252989153F007FD35C /* MyAccountViewController.swift in Sources */,
				8C0EDB29298928AC007FD35C /* CreateGroupViewController.swift in Sources */,
				8C214EE32994E02F005EBB6A /* JoinTheMembershipViewController.swift in Sources */,
				8C0EDB2729891D61007FD35C /* GroupListTableViewCell.swift in Sources */,
				8C70CA4529A5DE25005F5A0D /* GroupListTask.swift in Sources */,
				8C83508929B3498B00C1033F /* GroupListImageCollectionViewCell.swift in Sources */,
				8CFCA3CD29A5FE4E0066579C /* FirebaseStorageManager.swift in Sources */,
				8C23EA94296D2B3F0042248F /* AppDelegate.swift in Sources */,
				8C70CA4129A5CC6A005F5A0D /* EachGroupRecordsViewController.swift in Sources */,
				8C9A6B422991092E0093D90A /* EachGroupRecordTableViewCell.swift in Sources */,
				8C9A6B35298BA7330093D90A /* InviteListTableViewCell.swift in Sources */,
				8C9A6B3A2990EA050093D90A /* MyAccountTableViewCell.swift in Sources */,
				8C9A6B4429910CAF0093D90A /* CreateEachGroupRecordsContentViewController.swift in Sources */,
				8CB77EC72979481D00EC6CAC /* MyCheckListTask.swift in Sources */,
				8C527A9229AE010F0076EA0C /* InvitationGroupContentViewController.swift in Sources */,
				8C779725296EEFA800E11294 /* BucketListTask.swift in Sources */,
				8C70CA4329A5CD6C005F5A0D /* EachGroupRecordsTableViewCell.swift in Sources */,
				8CB9D95329B0734300799495 /* MyProfileSettingController.swift in Sources */,
				8C61C95129A35ED500701799 /* TabbarViewController.swift in Sources */,
				8C23EAB7296D526F0042248F /* BucketListTableViewCell.swift in Sources */,
				8CBFE934297187FC0093C690 /* MyCheckListCollectionViewCell.swift in Sources */,
				8C9A6B33298A6F820093D90A /* InviteListViewController.swift in Sources */,
				8CB2C62229766544004F3022 /* MyCheckListSettingViewController.swift in Sources */,
				8C9A6B3C2990F08E0093D90A /* InvitationStatusViewController.swift in Sources */,
				8CB2C62029765DCC004F3022 /* MyCheckListTableViewCell.swift in Sources */,
				8C164B3029CB2AC300ED7D90 /* StartAnimationViewController.swift in Sources */,
				8C23EA96296D2B3F0042248F /* SceneDelegate.swift in Sources */,
				8C23EAB2296D47130042248F /* MyCheckListViewController.swift in Sources */,
				8C214EDF29939AE8005EBB6A /* LogInViewController.swift in Sources */,
				8C214EE12994D55E005EBB6A /* FindIDPasswordViewContoller.swift in Sources */,
				8C9A6B37298BB0610093D90A /* InvitePersonalInformationViewController.swift in Sources */,
			);
			runOnlyForDeploymentPostprocessing = 0;
		};
/* End PBXSourcesBuildPhase section */

/* Begin PBXVariantGroup section */
		8C23EA9E296D2B430042248F /* LaunchScreen.storyboard */ = {
			isa = PBXVariantGroup;
			children = (
				8C23EA9F296D2B430042248F /* Base */,
			);
			name = LaunchScreen.storyboard;
			sourceTree = "<group>";
		};
/* End PBXVariantGroup section */

/* Begin XCBuildConfiguration section */
		8C23EAA2296D2B430042248F /* Debug */ = {
			isa = XCBuildConfiguration;
			buildSettings = {
				ALWAYS_SEARCH_USER_PATHS = NO;
				CLANG_ANALYZER_NONNULL = YES;
				CLANG_ANALYZER_NUMBER_OBJECT_CONVERSION = YES_AGGRESSIVE;
				CLANG_CXX_LANGUAGE_STANDARD = "gnu++20";
				CLANG_ENABLE_MODULES = YES;
				CLANG_ENABLE_OBJC_ARC = YES;
				CLANG_ENABLE_OBJC_WEAK = YES;
				CLANG_WARN_BLOCK_CAPTURE_AUTORELEASING = YES;
				CLANG_WARN_BOOL_CONVERSION = YES;
				CLANG_WARN_COMMA = YES;
				CLANG_WARN_CONSTANT_CONVERSION = YES;
				CLANG_WARN_DEPRECATED_OBJC_IMPLEMENTATIONS = YES;
				CLANG_WARN_DIRECT_OBJC_ISA_USAGE = YES_ERROR;
				CLANG_WARN_DOCUMENTATION_COMMENTS = YES;
				CLANG_WARN_EMPTY_BODY = YES;
				CLANG_WARN_ENUM_CONVERSION = YES;
				CLANG_WARN_INFINITE_RECURSION = YES;
				CLANG_WARN_INT_CONVERSION = YES;
				CLANG_WARN_NON_LITERAL_NULL_CONVERSION = YES;
				CLANG_WARN_OBJC_IMPLICIT_RETAIN_SELF = YES;
				CLANG_WARN_OBJC_LITERAL_CONVERSION = YES;
				CLANG_WARN_OBJC_ROOT_CLASS = YES_ERROR;
				CLANG_WARN_QUOTED_INCLUDE_IN_FRAMEWORK_HEADER = YES;
				CLANG_WARN_RANGE_LOOP_ANALYSIS = YES;
				CLANG_WARN_STRICT_PROTOTYPES = YES;
				CLANG_WARN_SUSPICIOUS_MOVE = YES;
				CLANG_WARN_UNGUARDED_AVAILABILITY = YES_AGGRESSIVE;
				CLANG_WARN_UNREACHABLE_CODE = YES;
				CLANG_WARN__DUPLICATE_METHOD_MATCH = YES;
				COPY_PHASE_STRIP = NO;
				DEBUG_INFORMATION_FORMAT = dwarf;
				ENABLE_STRICT_OBJC_MSGSEND = YES;
				ENABLE_TESTABILITY = YES;
				GCC_C_LANGUAGE_STANDARD = gnu11;
				GCC_DYNAMIC_NO_PIC = NO;
				GCC_NO_COMMON_BLOCKS = YES;
				GCC_OPTIMIZATION_LEVEL = 0;
				GCC_PREPROCESSOR_DEFINITIONS = (
					"DEBUG=1",
					"$(inherited)",
				);
				GCC_WARN_64_TO_32_BIT_CONVERSION = YES;
				GCC_WARN_ABOUT_RETURN_TYPE = YES_ERROR;
				GCC_WARN_UNDECLARED_SELECTOR = YES;
				GCC_WARN_UNINITIALIZED_AUTOS = YES_AGGRESSIVE;
				GCC_WARN_UNUSED_FUNCTION = YES;
				GCC_WARN_UNUSED_VARIABLE = YES;
				IPHONEOS_DEPLOYMENT_TARGET = 16.0;
				MTL_ENABLE_DEBUG_INFO = INCLUDE_SOURCE;
				MTL_FAST_MATH = YES;
				ONLY_ACTIVE_ARCH = YES;
				SDKROOT = iphoneos;
				SWIFT_ACTIVE_COMPILATION_CONDITIONS = DEBUG;
				SWIFT_OPTIMIZATION_LEVEL = "-Onone";
			};
			name = Debug;
		};
		8C23EAA3296D2B430042248F /* Release */ = {
			isa = XCBuildConfiguration;
			buildSettings = {
				ALWAYS_SEARCH_USER_PATHS = NO;
				CLANG_ANALYZER_NONNULL = YES;
				CLANG_ANALYZER_NUMBER_OBJECT_CONVERSION = YES_AGGRESSIVE;
				CLANG_CXX_LANGUAGE_STANDARD = "gnu++20";
				CLANG_ENABLE_MODULES = YES;
				CLANG_ENABLE_OBJC_ARC = YES;
				CLANG_ENABLE_OBJC_WEAK = YES;
				CLANG_WARN_BLOCK_CAPTURE_AUTORELEASING = YES;
				CLANG_WARN_BOOL_CONVERSION = YES;
				CLANG_WARN_COMMA = YES;
				CLANG_WARN_CONSTANT_CONVERSION = YES;
				CLANG_WARN_DEPRECATED_OBJC_IMPLEMENTATIONS = YES;
				CLANG_WARN_DIRECT_OBJC_ISA_USAGE = YES_ERROR;
				CLANG_WARN_DOCUMENTATION_COMMENTS = YES;
				CLANG_WARN_EMPTY_BODY = YES;
				CLANG_WARN_ENUM_CONVERSION = YES;
				CLANG_WARN_INFINITE_RECURSION = YES;
				CLANG_WARN_INT_CONVERSION = YES;
				CLANG_WARN_NON_LITERAL_NULL_CONVERSION = YES;
				CLANG_WARN_OBJC_IMPLICIT_RETAIN_SELF = YES;
				CLANG_WARN_OBJC_LITERAL_CONVERSION = YES;
				CLANG_WARN_OBJC_ROOT_CLASS = YES_ERROR;
				CLANG_WARN_QUOTED_INCLUDE_IN_FRAMEWORK_HEADER = YES;
				CLANG_WARN_RANGE_LOOP_ANALYSIS = YES;
				CLANG_WARN_STRICT_PROTOTYPES = YES;
				CLANG_WARN_SUSPICIOUS_MOVE = YES;
				CLANG_WARN_UNGUARDED_AVAILABILITY = YES_AGGRESSIVE;
				CLANG_WARN_UNREACHABLE_CODE = YES;
				CLANG_WARN__DUPLICATE_METHOD_MATCH = YES;
				COPY_PHASE_STRIP = NO;
				DEBUG_INFORMATION_FORMAT = "dwarf-with-dsym";
				ENABLE_NS_ASSERTIONS = NO;
				ENABLE_STRICT_OBJC_MSGSEND = YES;
				GCC_C_LANGUAGE_STANDARD = gnu11;
				GCC_NO_COMMON_BLOCKS = YES;
				GCC_WARN_64_TO_32_BIT_CONVERSION = YES;
				GCC_WARN_ABOUT_RETURN_TYPE = YES_ERROR;
				GCC_WARN_UNDECLARED_SELECTOR = YES;
				GCC_WARN_UNINITIALIZED_AUTOS = YES_AGGRESSIVE;
				GCC_WARN_UNUSED_FUNCTION = YES;
				GCC_WARN_UNUSED_VARIABLE = YES;
				IPHONEOS_DEPLOYMENT_TARGET = 16.0;
				MTL_ENABLE_DEBUG_INFO = NO;
				MTL_FAST_MATH = YES;
				SDKROOT = iphoneos;
				SWIFT_COMPILATION_MODE = wholemodule;
				SWIFT_OPTIMIZATION_LEVEL = "-O";
				VALIDATE_PRODUCT = YES;
			};
			name = Release;
		};
		8C23EAA5296D2B430042248F /* Debug */ = {
			isa = XCBuildConfiguration;
			buildSettings = {
				ASSETCATALOG_COMPILER_APPICON_NAME = AppIcon;
				ASSETCATALOG_COMPILER_GLOBAL_ACCENT_COLOR_NAME = AccentColor;
				CODE_SIGN_ENTITLEMENTS = BlueCheck/BlueCheck.entitlements;
				CODE_SIGN_STYLE = Automatic;
				CURRENT_PROJECT_VERSION = 1;
				DEVELOPMENT_TEAM = F2PAPBBTST;
				GENERATE_INFOPLIST_FILE = YES;
				INFOPLIST_FILE = BlueCheck/Info.plist;
				INFOPLIST_KEY_CFBundleDisplayName = "블루체크";
				INFOPLIST_KEY_LSApplicationCategoryType = "public.app-category.lifestyle";
				INFOPLIST_KEY_NSCameraUsageDescription = "~를 사용하기 위해서 카메라 권한이 필요합니다.";
				INFOPLIST_KEY_NSPhotoLibraryUsageDescription = "~를 사용하기 위해서 사진첩 권한이 필요합니다.";
				INFOPLIST_KEY_UIApplicationSupportsIndirectInputEvents = YES;
				INFOPLIST_KEY_UILaunchStoryboardName = "";
				INFOPLIST_KEY_UIMainStoryboardFile = Main;
				INFOPLIST_KEY_UIRequiresFullScreen = YES;
				INFOPLIST_KEY_UIStatusBarStyle = "";
				INFOPLIST_KEY_UISupportedInterfaceOrientations = "UIInterfaceOrientationPortrait UIInterfaceOrientationPortraitUpsideDown";
				IPHONEOS_DEPLOYMENT_TARGET = 15.6;
				LD_RUNPATH_SEARCH_PATHS = (
					"$(inherited)",
					"@executable_path/Frameworks",
				);
				MARKETING_VERSION = 1.0;
				PRODUCT_BUNDLE_IDENTIFIER = com.gyeongdeok.BlueCheck;
				PRODUCT_NAME = "$(TARGET_NAME)";
				SUPPORTED_PLATFORMS = "iphoneos iphonesimulator";
				SUPPORTS_MACCATALYST = NO;
				SUPPORTS_MAC_DESIGNED_FOR_IPHONE_IPAD = NO;
				SWIFT_EMIT_LOC_STRINGS = YES;
				SWIFT_VERSION = 5.0;
				TARGETED_DEVICE_FAMILY = "1,2";
			};
			name = Debug;
		};
		8C23EAA6296D2B430042248F /* Release */ = {
			isa = XCBuildConfiguration;
			buildSettings = {
				ASSETCATALOG_COMPILER_APPICON_NAME = AppIcon;
				ASSETCATALOG_COMPILER_GLOBAL_ACCENT_COLOR_NAME = AccentColor;
				CODE_SIGN_ENTITLEMENTS = BlueCheck/BlueCheck.entitlements;
				CODE_SIGN_STYLE = Automatic;
				CURRENT_PROJECT_VERSION = 1;
				DEVELOPMENT_TEAM = F2PAPBBTST;
				GENERATE_INFOPLIST_FILE = YES;
				INFOPLIST_FILE = BlueCheck/Info.plist;
				INFOPLIST_KEY_CFBundleDisplayName = "블루체크";
				INFOPLIST_KEY_LSApplicationCategoryType = "public.app-category.lifestyle";
				INFOPLIST_KEY_NSCameraUsageDescription = "~를 사용하기 위해서 카메라 권한이 필요합니다.";
				INFOPLIST_KEY_NSPhotoLibraryUsageDescription = "~를 사용하기 위해서 사진첩 권한이 필요합니다.";
				INFOPLIST_KEY_UIApplicationSupportsIndirectInputEvents = YES;
				INFOPLIST_KEY_UILaunchStoryboardName = "";
				INFOPLIST_KEY_UIMainStoryboardFile = Main;
				INFOPLIST_KEY_UIRequiresFullScreen = YES;
				INFOPLIST_KEY_UIStatusBarStyle = "";
				INFOPLIST_KEY_UISupportedInterfaceOrientations = "UIInterfaceOrientationPortrait UIInterfaceOrientationPortraitUpsideDown";
				IPHONEOS_DEPLOYMENT_TARGET = 15.6;
				LD_RUNPATH_SEARCH_PATHS = (
					"$(inherited)",
					"@executable_path/Frameworks",
				);
				MARKETING_VERSION = 1.0;
				PRODUCT_BUNDLE_IDENTIFIER = com.gyeongdeok.BlueCheck;
				PRODUCT_NAME = "$(TARGET_NAME)";
				SUPPORTED_PLATFORMS = "iphoneos iphonesimulator";
				SUPPORTS_MACCATALYST = NO;
				SUPPORTS_MAC_DESIGNED_FOR_IPHONE_IPAD = NO;
				SWIFT_EMIT_LOC_STRINGS = YES;
				SWIFT_VERSION = 5.0;
				TARGETED_DEVICE_FAMILY = "1,2";
			};
			name = Release;
		};
/* End XCBuildConfiguration section */

/* Begin XCConfigurationList section */
		8C23EA8B296D2B3F0042248F /* Build configuration list for PBXProject "BlueCheck" */ = {
			isa = XCConfigurationList;
			buildConfigurations = (
				8C23EAA2296D2B430042248F /* Debug */,
				8C23EAA3296D2B430042248F /* Release */,
			);
			defaultConfigurationIsVisible = 0;
			defaultConfigurationName = Release;
		};
		8C23EAA4296D2B430042248F /* Build configuration list for PBXNativeTarget "BlueCheck" */ = {
			isa = XCConfigurationList;
			buildConfigurations = (
				8C23EAA5296D2B430042248F /* Debug */,
				8C23EAA6296D2B430042248F /* Release */,
			);
			defaultConfigurationIsVisible = 0;
			defaultConfigurationName = Release;
		};
/* End XCConfigurationList section */

/* Begin XCRemoteSwiftPackageReference section */
		8C164B2C29CB2A6700ED7D90 /* XCRemoteSwiftPackageReference "lottie-ios" */ = {
			isa = XCRemoteSwiftPackageReference;
			repositoryURL = "https://github.com/airbnb/lottie-ios";
			requirement = {
				kind = upToNextMajorVersion;
				minimumVersion = 4.0.0;
			};
		};
		8C23EAB3296D485C0042248F /* XCRemoteSwiftPackageReference "SnapKit" */ = {
			isa = XCRemoteSwiftPackageReference;
			repositoryURL = "https://github.com/SnapKit/SnapKit.git";
			requirement = {
				branch = develop;
				kind = branch;
			};
		};
		8C4874D729A6194400FD871B /* XCRemoteSwiftPackageReference "Kingfisher" */ = {
			isa = XCRemoteSwiftPackageReference;
			repositoryURL = "https://github.com/onevcat/Kingfisher.git";
			requirement = {
				kind = upToNextMajorVersion;
				minimumVersion = 7.0.0;
			};
		};
		8C508ACA29A30F2800EF29B8 /* XCRemoteSwiftPackageReference "firebase-ios-sdk" */ = {
			isa = XCRemoteSwiftPackageReference;
			repositoryURL = "https://github.com/firebase/firebase-ios-sdk.git";
			requirement = {
				kind = upToNextMajorVersion;
				minimumVersion = 9.0.0;
			};
		};
		8C83508A29B3582000C1033F /* XCRemoteSwiftPackageReference "BSImagePicker" */ = {
			isa = XCRemoteSwiftPackageReference;
			repositoryURL = "https://github.com/mikaoj/BSImagePicker.git";
			requirement = {
				kind = upToNextMajorVersion;
				minimumVersion = 3.0.0;
			};
		};
/* End XCRemoteSwiftPackageReference section */

/* Begin XCSwiftPackageProductDependency section */
		8C164B2D29CB2A6800ED7D90 /* Lottie */ = {
			isa = XCSwiftPackageProductDependency;
			package = 8C164B2C29CB2A6700ED7D90 /* XCRemoteSwiftPackageReference "lottie-ios" */;
			productName = Lottie;
		};
		8C23EAB4296D485C0042248F /* SnapKit */ = {
			isa = XCSwiftPackageProductDependency;
			package = 8C23EAB3296D485C0042248F /* XCRemoteSwiftPackageReference "SnapKit" */;
			productName = SnapKit;
		};
		8C4874D829A6194400FD871B /* Kingfisher */ = {
			isa = XCSwiftPackageProductDependency;
			package = 8C4874D729A6194400FD871B /* XCRemoteSwiftPackageReference "Kingfisher" */;
			productName = Kingfisher;
		};
		8C508ACB29A30F2800EF29B8 /* FirebaseAnalytics */ = {
			isa = XCSwiftPackageProductDependency;
			package = 8C508ACA29A30F2800EF29B8 /* XCRemoteSwiftPackageReference "firebase-ios-sdk" */;
			productName = FirebaseAnalytics;
		};
		8C508ACD29A30F2800EF29B8 /* FirebaseAnalyticsOnDeviceConversion */ = {
			isa = XCSwiftPackageProductDependency;
			package = 8C508ACA29A30F2800EF29B8 /* XCRemoteSwiftPackageReference "firebase-ios-sdk" */;
			productName = FirebaseAnalyticsOnDeviceConversion;
		};
		8C508ACF29A30F2800EF29B8 /* FirebaseAnalyticsSwift */ = {
			isa = XCSwiftPackageProductDependency;
			package = 8C508ACA29A30F2800EF29B8 /* XCRemoteSwiftPackageReference "firebase-ios-sdk" */;
			productName = FirebaseAnalyticsSwift;
		};
		8C508AD129A30F2800EF29B8 /* FirebaseAnalyticsWithoutAdIdSupport */ = {
			isa = XCSwiftPackageProductDependency;
			package = 8C508ACA29A30F2800EF29B8 /* XCRemoteSwiftPackageReference "firebase-ios-sdk" */;
			productName = FirebaseAnalyticsWithoutAdIdSupport;
		};
		8C508AD329A30F2800EF29B8 /* FirebaseAppCheck */ = {
			isa = XCSwiftPackageProductDependency;
			package = 8C508ACA29A30F2800EF29B8 /* XCRemoteSwiftPackageReference "firebase-ios-sdk" */;
			productName = FirebaseAppCheck;
		};
		8C508AD529A30F2800EF29B8 /* FirebaseAppDistribution-Beta */ = {
			isa = XCSwiftPackageProductDependency;
			package = 8C508ACA29A30F2800EF29B8 /* XCRemoteSwiftPackageReference "firebase-ios-sdk" */;
			productName = "FirebaseAppDistribution-Beta";
		};
		8C508AD729A30F2800EF29B8 /* FirebaseAuth */ = {
			isa = XCSwiftPackageProductDependency;
			package = 8C508ACA29A30F2800EF29B8 /* XCRemoteSwiftPackageReference "firebase-ios-sdk" */;
			productName = FirebaseAuth;
		};
		8C508AD929A30F2800EF29B8 /* FirebaseAuthCombine-Community */ = {
			isa = XCSwiftPackageProductDependency;
			package = 8C508ACA29A30F2800EF29B8 /* XCRemoteSwiftPackageReference "firebase-ios-sdk" */;
			productName = "FirebaseAuthCombine-Community";
		};
		8C508ADB29A30F2800EF29B8 /* FirebaseCrashlytics */ = {
			isa = XCSwiftPackageProductDependency;
			package = 8C508ACA29A30F2800EF29B8 /* XCRemoteSwiftPackageReference "firebase-ios-sdk" */;
			productName = FirebaseCrashlytics;
		};
		8C508ADD29A30F2800EF29B8 /* FirebaseDatabase */ = {
			isa = XCSwiftPackageProductDependency;
			package = 8C508ACA29A30F2800EF29B8 /* XCRemoteSwiftPackageReference "firebase-ios-sdk" */;
			productName = FirebaseDatabase;
		};
		8C508ADF29A30F2800EF29B8 /* FirebaseDatabaseSwift */ = {
			isa = XCSwiftPackageProductDependency;
			package = 8C508ACA29A30F2800EF29B8 /* XCRemoteSwiftPackageReference "firebase-ios-sdk" */;
			productName = FirebaseDatabaseSwift;
		};
		8C508AE129A30F2800EF29B8 /* FirebaseDynamicLinks */ = {
			isa = XCSwiftPackageProductDependency;
			package = 8C508ACA29A30F2800EF29B8 /* XCRemoteSwiftPackageReference "firebase-ios-sdk" */;
			productName = FirebaseDynamicLinks;
		};
		8C508AE329A30F2800EF29B8 /* FirebaseFirestore */ = {
			isa = XCSwiftPackageProductDependency;
			package = 8C508ACA29A30F2800EF29B8 /* XCRemoteSwiftPackageReference "firebase-ios-sdk" */;
			productName = FirebaseFirestore;
		};
		8C508AE529A30F2800EF29B8 /* FirebaseFirestoreCombine-Community */ = {
			isa = XCSwiftPackageProductDependency;
			package = 8C508ACA29A30F2800EF29B8 /* XCRemoteSwiftPackageReference "firebase-ios-sdk" */;
			productName = "FirebaseFirestoreCombine-Community";
		};
		8C508AE729A30F2800EF29B8 /* FirebaseFirestoreSwift */ = {
			isa = XCSwiftPackageProductDependency;
			package = 8C508ACA29A30F2800EF29B8 /* XCRemoteSwiftPackageReference "firebase-ios-sdk" */;
			productName = FirebaseFirestoreSwift;
		};
		8C508AE929A30F2800EF29B8 /* FirebaseFunctions */ = {
			isa = XCSwiftPackageProductDependency;
			package = 8C508ACA29A30F2800EF29B8 /* XCRemoteSwiftPackageReference "firebase-ios-sdk" */;
			productName = FirebaseFunctions;
		};
		8C508AEB29A30F2800EF29B8 /* FirebaseFunctionsCombine-Community */ = {
			isa = XCSwiftPackageProductDependency;
			package = 8C508ACA29A30F2800EF29B8 /* XCRemoteSwiftPackageReference "firebase-ios-sdk" */;
			productName = "FirebaseFunctionsCombine-Community";
		};
		8C508AED29A30F2800EF29B8 /* FirebaseInAppMessaging-Beta */ = {
			isa = XCSwiftPackageProductDependency;
			package = 8C508ACA29A30F2800EF29B8 /* XCRemoteSwiftPackageReference "firebase-ios-sdk" */;
			productName = "FirebaseInAppMessaging-Beta";
		};
		8C508AEF29A30F2800EF29B8 /* FirebaseInAppMessagingSwift-Beta */ = {
			isa = XCSwiftPackageProductDependency;
			package = 8C508ACA29A30F2800EF29B8 /* XCRemoteSwiftPackageReference "firebase-ios-sdk" */;
			productName = "FirebaseInAppMessagingSwift-Beta";
		};
		8C508AF129A30F2800EF29B8 /* FirebaseInstallations */ = {
			isa = XCSwiftPackageProductDependency;
			package = 8C508ACA29A30F2800EF29B8 /* XCRemoteSwiftPackageReference "firebase-ios-sdk" */;
			productName = FirebaseInstallations;
		};
		8C508AF329A30F2800EF29B8 /* FirebaseMLModelDownloader */ = {
			isa = XCSwiftPackageProductDependency;
			package = 8C508ACA29A30F2800EF29B8 /* XCRemoteSwiftPackageReference "firebase-ios-sdk" */;
			productName = FirebaseMLModelDownloader;
		};
		8C508AF529A30F2800EF29B8 /* FirebaseMessaging */ = {
			isa = XCSwiftPackageProductDependency;
			package = 8C508ACA29A30F2800EF29B8 /* XCRemoteSwiftPackageReference "firebase-ios-sdk" */;
			productName = FirebaseMessaging;
		};
		8C508AF729A30F2800EF29B8 /* FirebasePerformance */ = {
			isa = XCSwiftPackageProductDependency;
			package = 8C508ACA29A30F2800EF29B8 /* XCRemoteSwiftPackageReference "firebase-ios-sdk" */;
			productName = FirebasePerformance;
		};
		8C508AF929A30F2800EF29B8 /* FirebaseRemoteConfig */ = {
			isa = XCSwiftPackageProductDependency;
			package = 8C508ACA29A30F2800EF29B8 /* XCRemoteSwiftPackageReference "firebase-ios-sdk" */;
			productName = FirebaseRemoteConfig;
		};
		8C508AFB29A30F2800EF29B8 /* FirebaseRemoteConfigSwift */ = {
			isa = XCSwiftPackageProductDependency;
			package = 8C508ACA29A30F2800EF29B8 /* XCRemoteSwiftPackageReference "firebase-ios-sdk" */;
			productName = FirebaseRemoteConfigSwift;
		};
		8C508AFD29A30F2800EF29B8 /* FirebaseStorage */ = {
			isa = XCSwiftPackageProductDependency;
			package = 8C508ACA29A30F2800EF29B8 /* XCRemoteSwiftPackageReference "firebase-ios-sdk" */;
			productName = FirebaseStorage;
		};
		8C508AFF29A30F2800EF29B8 /* FirebaseStorageCombine-Community */ = {
			isa = XCSwiftPackageProductDependency;
			package = 8C508ACA29A30F2800EF29B8 /* XCRemoteSwiftPackageReference "firebase-ios-sdk" */;
			productName = "FirebaseStorageCombine-Community";
		};
		8C83508B29B3582000C1033F /* BSImagePicker */ = {
			isa = XCSwiftPackageProductDependency;
			package = 8C83508A29B3582000C1033F /* XCRemoteSwiftPackageReference "BSImagePicker" */;
			productName = BSImagePicker;
		};
/* End XCSwiftPackageProductDependency section */
	};
	rootObject = 8C23EA88296D2B3F0042248F /* Project object */;
}
