// !$*UTF8*$!
{
	archiveVersion = 1;
	classes = {
	};
	objectVersion = 54;
	objects = {

/* Begin PBXBuildFile section */
		8C0EDB252989153F007FD35C /* MyAccountViewController.swift in Sources */ = {isa = PBXBuildFile; fileRef = 8C0EDB242989153F007FD35C /* MyAccountViewController.swift */; };
		8C0EDB2729891D61007FD35C /* GroupListTableViewCell.swift in Sources */ = {isa = PBXBuildFile; fileRef = 8C0EDB2629891D61007FD35C /* GroupListTableViewCell.swift */; };
		8C0EDB29298928AC007FD35C /* CreateGroupViewController.swift in Sources */ = {isa = PBXBuildFile; fileRef = 8C0EDB28298928AC007FD35C /* CreateGroupViewController.swift */; };
		8C23EA94296D2B3F0042248F /* AppDelegate.swift in Sources */ = {isa = PBXBuildFile; fileRef = 8C23EA93296D2B3F0042248F /* AppDelegate.swift */; };
		8C23EA96296D2B3F0042248F /* SceneDelegate.swift in Sources */ = {isa = PBXBuildFile; fileRef = 8C23EA95296D2B3F0042248F /* SceneDelegate.swift */; };
		8C23EA98296D2B3F0042248F /* ViewController.swift in Sources */ = {isa = PBXBuildFile; fileRef = 8C23EA97296D2B3F0042248F /* ViewController.swift */; };
		8C23EA9B296D2B3F0042248F /* Main.storyboard in Resources */ = {isa = PBXBuildFile; fileRef = 8C23EA99296D2B3F0042248F /* Main.storyboard */; };
		8C23EA9D296D2B430042248F /* Assets.xcassets in Resources */ = {isa = PBXBuildFile; fileRef = 8C23EA9C296D2B430042248F /* Assets.xcassets */; };
		8C23EAA0296D2B430042248F /* LaunchScreen.storyboard in Resources */ = {isa = PBXBuildFile; fileRef = 8C23EA9E296D2B430042248F /* LaunchScreen.storyboard */; };
		8C23EAB0296D46DE0042248F /* GroupListViewController.swift in Sources */ = {isa = PBXBuildFile; fileRef = 8C23EAAF296D46DE0042248F /* GroupListViewController.swift */; };
		8C23EAB2296D47130042248F /* MyCheckListViewController.swift in Sources */ = {isa = PBXBuildFile; fileRef = 8C23EAB1296D47130042248F /* MyCheckListViewController.swift */; };
		8C23EAB5296D485C0042248F /* SnapKit in Frameworks */ = {isa = PBXBuildFile; productRef = 8C23EAB4296D485C0042248F /* SnapKit */; };
		8C23EAB7296D526F0042248F /* BucketListTableViewCell.swift in Sources */ = {isa = PBXBuildFile; fileRef = 8C23EAB6296D526F0042248F /* BucketListTableViewCell.swift */; };
		8C779725296EEFA800E11294 /* BucketListTask.swift in Sources */ = {isa = PBXBuildFile; fileRef = 8C779724296EEFA800E11294 /* BucketListTask.swift */; };
		8C9A6B33298A6F820093D90A /* InviteListViewController.swift in Sources */ = {isa = PBXBuildFile; fileRef = 8C9A6B32298A6F820093D90A /* InviteListViewController.swift */; };
		8C9A6B35298BA7330093D90A /* InviteListTableViewCell.swift in Sources */ = {isa = PBXBuildFile; fileRef = 8C9A6B34298BA7330093D90A /* InviteListTableViewCell.swift */; };
		8C9A6B37298BB0610093D90A /* InvitePersonalInformationViewController.swift in Sources */ = {isa = PBXBuildFile; fileRef = 8C9A6B36298BB0610093D90A /* InvitePersonalInformationViewController.swift */; };
		8CB2C62029765DCC004F3022 /* MyCheckListTableViewCell.swift in Sources */ = {isa = PBXBuildFile; fileRef = 8CB2C61F29765DCC004F3022 /* MyCheckListTableViewCell.swift */; };
		8CB2C62229766544004F3022 /* MyCheckListSettingViewController.swift in Sources */ = {isa = PBXBuildFile; fileRef = 8CB2C62129766544004F3022 /* MyCheckListSettingViewController.swift */; };
		8CB77EC72979481D00EC6CAC /* MyCheckListTask.swift in Sources */ = {isa = PBXBuildFile; fileRef = 8CB77EC62979481D00EC6CAC /* MyCheckListTask.swift */; };
		8CBFE934297187FC0093C690 /* MyCheckListCollectionViewCell.swift in Sources */ = {isa = PBXBuildFile; fileRef = 8CBFE933297187FC0093C690 /* MyCheckListCollectionViewCell.swift */; };
/* End PBXBuildFile section */

/* Begin PBXFileReference section */
		8C0EDB242989153F007FD35C /* MyAccountViewController.swift */ = {isa = PBXFileReference; lastKnownFileType = sourcecode.swift; path = MyAccountViewController.swift; sourceTree = "<group>"; };
		8C0EDB2629891D61007FD35C /* GroupListTableViewCell.swift */ = {isa = PBXFileReference; lastKnownFileType = sourcecode.swift; path = GroupListTableViewCell.swift; sourceTree = "<group>"; };
		8C0EDB28298928AC007FD35C /* CreateGroupViewController.swift */ = {isa = PBXFileReference; lastKnownFileType = sourcecode.swift; path = CreateGroupViewController.swift; sourceTree = "<group>"; };
		8C23EA90296D2B3F0042248F /* BlueCheck.app */ = {isa = PBXFileReference; explicitFileType = wrapper.application; includeInIndex = 0; path = BlueCheck.app; sourceTree = BUILT_PRODUCTS_DIR; };
		8C23EA93296D2B3F0042248F /* AppDelegate.swift */ = {isa = PBXFileReference; lastKnownFileType = sourcecode.swift; path = AppDelegate.swift; sourceTree = "<group>"; };
		8C23EA95296D2B3F0042248F /* SceneDelegate.swift */ = {isa = PBXFileReference; lastKnownFileType = sourcecode.swift; path = SceneDelegate.swift; sourceTree = "<group>"; };
		8C23EA97296D2B3F0042248F /* ViewController.swift */ = {isa = PBXFileReference; lastKnownFileType = sourcecode.swift; path = ViewController.swift; sourceTree = "<group>"; };
		8C23EA9A296D2B3F0042248F /* Base */ = {isa = PBXFileReference; lastKnownFileType = file.storyboard; name = Base; path = Base.lproj/Main.storyboard; sourceTree = "<group>"; };
		8C23EA9C296D2B430042248F /* Assets.xcassets */ = {isa = PBXFileReference; lastKnownFileType = folder.assetcatalog; path = Assets.xcassets; sourceTree = "<group>"; };
		8C23EA9F296D2B430042248F /* Base */ = {isa = PBXFileReference; lastKnownFileType = file.storyboard; name = Base; path = Base.lproj/LaunchScreen.storyboard; sourceTree = "<group>"; };
		8C23EAA1296D2B430042248F /* Info.plist */ = {isa = PBXFileReference; lastKnownFileType = text.plist.xml; path = Info.plist; sourceTree = "<group>"; };
		8C23EAAF296D46DE0042248F /* GroupListViewController.swift */ = {isa = PBXFileReference; lastKnownFileType = sourcecode.swift; path = GroupListViewController.swift; sourceTree = "<group>"; };
		8C23EAB1296D47130042248F /* MyCheckListViewController.swift */ = {isa = PBXFileReference; lastKnownFileType = sourcecode.swift; path = MyCheckListViewController.swift; sourceTree = "<group>"; };
		8C23EAB6296D526F0042248F /* BucketListTableViewCell.swift */ = {isa = PBXFileReference; lastKnownFileType = sourcecode.swift; path = BucketListTableViewCell.swift; sourceTree = "<group>"; };
		8C779724296EEFA800E11294 /* BucketListTask.swift */ = {isa = PBXFileReference; lastKnownFileType = sourcecode.swift; path = BucketListTask.swift; sourceTree = "<group>"; };
		8C9A6B32298A6F820093D90A /* InviteListViewController.swift */ = {isa = PBXFileReference; lastKnownFileType = sourcecode.swift; path = InviteListViewController.swift; sourceTree = "<group>"; };
		8C9A6B34298BA7330093D90A /* InviteListTableViewCell.swift */ = {isa = PBXFileReference; lastKnownFileType = sourcecode.swift; path = InviteListTableViewCell.swift; sourceTree = "<group>"; };
		8C9A6B36298BB0610093D90A /* InvitePersonalInformationViewController.swift */ = {isa = PBXFileReference; lastKnownFileType = sourcecode.swift; path = InvitePersonalInformationViewController.swift; sourceTree = "<group>"; };
		8CB2C61F29765DCC004F3022 /* MyCheckListTableViewCell.swift */ = {isa = PBXFileReference; lastKnownFileType = sourcecode.swift; path = MyCheckListTableViewCell.swift; sourceTree = "<group>"; };
		8CB2C62129766544004F3022 /* MyCheckListSettingViewController.swift */ = {isa = PBXFileReference; lastKnownFileType = sourcecode.swift; path = MyCheckListSettingViewController.swift; sourceTree = "<group>"; };
		8CB77EC62979481D00EC6CAC /* MyCheckListTask.swift */ = {isa = PBXFileReference; lastKnownFileType = sourcecode.swift; path = MyCheckListTask.swift; sourceTree = "<group>"; };
		8CBFE933297187FC0093C690 /* MyCheckListCollectionViewCell.swift */ = {isa = PBXFileReference; lastKnownFileType = sourcecode.swift; path = MyCheckListCollectionViewCell.swift; sourceTree = "<group>"; };
/* End PBXFileReference section */

/* Begin PBXFrameworksBuildPhase section */
		8C23EA8D296D2B3F0042248F /* Frameworks */ = {
			isa = PBXFrameworksBuildPhase;
			buildActionMask = 2147483647;
			files = (
				8C23EAB5296D485C0042248F /* SnapKit in Frameworks */,
			);
			runOnlyForDeploymentPostprocessing = 0;
		};
/* End PBXFrameworksBuildPhase section */

/* Begin PBXGroup section */
		8C0EDB2329891502007FD35C /* MyAccountView */ = {
			isa = PBXGroup;
			children = (
				8C0EDB242989153F007FD35C /* MyAccountViewController.swift */,
			);
			path = MyAccountView;
			sourceTree = "<group>";
		};
		8C23EA87296D2B3F0042248F = {
			isa = PBXGroup;
			children = (
				8C23EA92296D2B3F0042248F /* BlueCheck */,
				8C23EA91296D2B3F0042248F /* Products */,
			);
			sourceTree = "<group>";
		};
		8C23EA91296D2B3F0042248F /* Products */ = {
			isa = PBXGroup;
			children = (
				8C23EA90296D2B3F0042248F /* BlueCheck.app */,
			);
			name = Products;
			sourceTree = "<group>";
		};
		8C23EA92296D2B3F0042248F /* BlueCheck */ = {
			isa = PBXGroup;
			children = (
				8C23EAA7296D3D0C0042248F /* LoadingView */,
				8C23EAA8296D3D280042248F /* LoginView */,
				8C23EAAA296D3DD80042248F /* BucketListView */,
				8C23EAAB296D3E160042248F /* MyCheckListView */,
				8C23EAAC296D3E260042248F /* GroupCheckListView */,
				8C0EDB2329891502007FD35C /* MyAccountView */,
				8C23EA93296D2B3F0042248F /* AppDelegate.swift */,
				8C23EA95296D2B3F0042248F /* SceneDelegate.swift */,
				8C23EA97296D2B3F0042248F /* ViewController.swift */,
				8C23EA99296D2B3F0042248F /* Main.storyboard */,
				8C23EA9C296D2B430042248F /* Assets.xcassets */,
				8C23EA9E296D2B430042248F /* LaunchScreen.storyboard */,
				8C23EAA1296D2B430042248F /* Info.plist */,
			);
			path = BlueCheck;
			sourceTree = "<group>";
		};
		8C23EAA7296D3D0C0042248F /* LoadingView */ = {
			isa = PBXGroup;
			children = (
			);
			path = LoadingView;
			sourceTree = "<group>";
		};
		8C23EAA8296D3D280042248F /* LoginView */ = {
			isa = PBXGroup;
			children = (
				8C23EAA9296D3D5F0042248F /* JoinMembershipView */,
			);
			path = LoginView;
			sourceTree = "<group>";
		};
		8C23EAA9296D3D5F0042248F /* JoinMembershipView */ = {
			isa = PBXGroup;
			children = (
			);
			path = JoinMembershipView;
			sourceTree = "<group>";
		};
		8C23EAAA296D3DD80042248F /* BucketListView */ = {
			isa = PBXGroup;
			children = (
				8C23EAB6296D526F0042248F /* BucketListTableViewCell.swift */,
			);
			path = BucketListView;
			sourceTree = "<group>";
		};
		8C23EAAB296D3E160042248F /* MyCheckListView */ = {
			isa = PBXGroup;
			children = (
				8C23EAB1296D47130042248F /* MyCheckListViewController.swift */,
				8CB2C62129766544004F3022 /* MyCheckListSettingViewController.swift */,
				8CB2C61F29765DCC004F3022 /* MyCheckListTableViewCell.swift */,
				8CBFE933297187FC0093C690 /* MyCheckListCollectionViewCell.swift */,
				8C779724296EEFA800E11294 /* BucketListTask.swift */,
				8CB77EC62979481D00EC6CAC /* MyCheckListTask.swift */,
			);
			path = MyCheckListView;
			sourceTree = "<group>";
		};
		8C23EAAC296D3E260042248F /* GroupCheckListView */ = {
			isa = PBXGroup;
			children = (
				8C23EAAF296D46DE0042248F /* GroupListViewController.swift */,
				8C0EDB2629891D61007FD35C /* GroupListTableViewCell.swift */,
				8C0EDB28298928AC007FD35C /* CreateGroupViewController.swift */,
				8C9A6B38298BB0780093D90A /* InviteListView */,
			);
			path = GroupCheckListView;
			sourceTree = "<group>";
		};
		8C9A6B38298BB0780093D90A /* InviteListView */ = {
			isa = PBXGroup;
			children = (
				8C9A6B32298A6F820093D90A /* InviteListViewController.swift */,
				8C9A6B34298BA7330093D90A /* InviteListTableViewCell.swift */,
				8C9A6B36298BB0610093D90A /* InvitePersonalInformationViewController.swift */,
			);
			path = InviteListView;
			sourceTree = "<group>";
		};
/* End PBXGroup section */

/* Begin PBXNativeTarget section */
		8C23EA8F296D2B3F0042248F /* BlueCheck */ = {
			isa = PBXNativeTarget;
			buildConfigurationList = 8C23EAA4296D2B430042248F /* Build configuration list for PBXNativeTarget "BlueCheck" */;
			buildPhases = (
				8C23EA8C296D2B3F0042248F /* Sources */,
				8C23EA8D296D2B3F0042248F /* Frameworks */,
				8C23EA8E296D2B3F0042248F /* Resources */,
			);
			buildRules = (
			);
			dependencies = (
			);
			name = BlueCheck;
			packageProductDependencies = (
				8C23EAB4296D485C0042248F /* SnapKit */,
			);
			productName = BlueCheck;
			productReference = 8C23EA90296D2B3F0042248F /* BlueCheck.app */;
			productType = "com.apple.product-type.application";
		};
/* End PBXNativeTarget section */

/* Begin PBXProject section */
		8C23EA88296D2B3F0042248F /* Project object */ = {
			isa = PBXProject;
			attributes = {
				BuildIndependentTargetsInParallel = 1;
				LastSwiftUpdateCheck = 1400;
				LastUpgradeCheck = 1400;
				TargetAttributes = {
					8C23EA8F296D2B3F0042248F = {
						CreatedOnToolsVersion = 14.0.1;
					};
				};
			};
			buildConfigurationList = 8C23EA8B296D2B3F0042248F /* Build configuration list for PBXProject "BlueCheck" */;
			compatibilityVersion = "Xcode 12.0";
			developmentRegion = en;
			hasScannedForEncodings = 0;
			knownRegions = (
				en,
				Base,
			);
			mainGroup = 8C23EA87296D2B3F0042248F;
			packageReferences = (
				8C23EAB3296D485C0042248F /* XCRemoteSwiftPackageReference "SnapKit" */,
			);
			productRefGroup = 8C23EA91296D2B3F0042248F /* Products */;
			projectDirPath = "";
			projectRoot = "";
			targets = (
				8C23EA8F296D2B3F0042248F /* BlueCheck */,
			);
		};
/* End PBXProject section */

/* Begin PBXResourcesBuildPhase section */
		8C23EA8E296D2B3F0042248F /* Resources */ = {
			isa = PBXResourcesBuildPhase;
			buildActionMask = 2147483647;
			files = (
				8C23EAA0296D2B430042248F /* LaunchScreen.storyboard in Resources */,
				8C23EA9D296D2B430042248F /* Assets.xcassets in Resources */,
				8C23EA9B296D2B3F0042248F /* Main.storyboard in Resources */,
			);
			runOnlyForDeploymentPostprocessing = 0;
		};
/* End PBXResourcesBuildPhase section */

/* Begin PBXSourcesBuildPhase section */
		8C23EA8C296D2B3F0042248F /* Sources */ = {
			isa = PBXSourcesBuildPhase;
			buildActionMask = 2147483647;
			files = (
				8C23EA98296D2B3F0042248F /* ViewController.swift in Sources */,
				8C23EAB0296D46DE0042248F /* GroupListViewController.swift in Sources */,
				8C0EDB252989153F007FD35C /* MyAccountViewController.swift in Sources */,
				8C0EDB29298928AC007FD35C /* CreateGroupViewController.swift in Sources */,
				8C0EDB2729891D61007FD35C /* GroupListTableViewCell.swift in Sources */,
				8C23EA94296D2B3F0042248F /* AppDelegate.swift in Sources */,
				8C9A6B35298BA7330093D90A /* InviteListTableViewCell.swift in Sources */,
				8CB77EC72979481D00EC6CAC /* MyCheckListTask.swift in Sources */,
				8C779725296EEFA800E11294 /* BucketListTask.swift in Sources */,
				8C23EAB7296D526F0042248F /* BucketListTableViewCell.swift in Sources */,
				8CBFE934297187FC0093C690 /* MyCheckListCollectionViewCell.swift in Sources */,
				8C9A6B33298A6F820093D90A /* InviteListViewController.swift in Sources */,
				8CB2C62229766544004F3022 /* MyCheckListSettingViewController.swift in Sources */,
				8CB2C62029765DCC004F3022 /* MyCheckListTableViewCell.swift in Sources */,
				8C23EA96296D2B3F0042248F /* SceneDelegate.swift in Sources */,
				8C23EAB2296D47130042248F /* MyCheckListViewController.swift in Sources */,
				8C9A6B37298BB0610093D90A /* InvitePersonalInformationViewController.swift in Sources */,
			);
			runOnlyForDeploymentPostprocessing = 0;
		};
/* End PBXSourcesBuildPhase section */

/* Begin PBXVariantGroup section */
		8C23EA99296D2B3F0042248F /* Main.storyboard */ = {
			isa = PBXVariantGroup;
			children = (
				8C23EA9A296D2B3F0042248F /* Base */,
			);
			name = Main.storyboard;
			sourceTree = "<group>";
		};
		8C23EA9E296D2B430042248F /* LaunchScreen.storyboard */ = {
			isa = PBXVariantGroup;
			children = (
				8C23EA9F296D2B430042248F /* Base */,
			);
			name = LaunchScreen.storyboard;
			sourceTree = "<group>";
		};
/* End PBXVariantGroup section */

/* Begin XCBuildConfiguration section */
		8C23EAA2296D2B430042248F /* Debug */ = {
			isa = XCBuildConfiguration;
			buildSettings = {
				ALWAYS_SEARCH_USER_PATHS = NO;
				CLANG_ANALYZER_NONNULL = YES;
				CLANG_ANALYZER_NUMBER_OBJECT_CONVERSION = YES_AGGRESSIVE;
				CLANG_CXX_LANGUAGE_STANDARD = "gnu++20";
				CLANG_ENABLE_MODULES = YES;
				CLANG_ENABLE_OBJC_ARC = YES;
				CLANG_ENABLE_OBJC_WEAK = YES;
				CLANG_WARN_BLOCK_CAPTURE_AUTORELEASING = YES;
				CLANG_WARN_BOOL_CONVERSION = YES;
				CLANG_WARN_COMMA = YES;
				CLANG_WARN_CONSTANT_CONVERSION = YES;
				CLANG_WARN_DEPRECATED_OBJC_IMPLEMENTATIONS = YES;
				CLANG_WARN_DIRECT_OBJC_ISA_USAGE = YES_ERROR;
				CLANG_WARN_DOCUMENTATION_COMMENTS = YES;
				CLANG_WARN_EMPTY_BODY = YES;
				CLANG_WARN_ENUM_CONVERSION = YES;
				CLANG_WARN_INFINITE_RECURSION = YES;
				CLANG_WARN_INT_CONVERSION = YES;
				CLANG_WARN_NON_LITERAL_NULL_CONVERSION = YES;
				CLANG_WARN_OBJC_IMPLICIT_RETAIN_SELF = YES;
				CLANG_WARN_OBJC_LITERAL_CONVERSION = YES;
				CLANG_WARN_OBJC_ROOT_CLASS = YES_ERROR;
				CLANG_WARN_QUOTED_INCLUDE_IN_FRAMEWORK_HEADER = YES;
				CLANG_WARN_RANGE_LOOP_ANALYSIS = YES;
				CLANG_WARN_STRICT_PROTOTYPES = YES;
				CLANG_WARN_SUSPICIOUS_MOVE = YES;
				CLANG_WARN_UNGUARDED_AVAILABILITY = YES_AGGRESSIVE;
				CLANG_WARN_UNREACHABLE_CODE = YES;
				CLANG_WARN__DUPLICATE_METHOD_MATCH = YES;
				COPY_PHASE_STRIP = NO;
				DEBUG_INFORMATION_FORMAT = dwarf;
				ENABLE_STRICT_OBJC_MSGSEND = YES;
				ENABLE_TESTABILITY = YES;
				GCC_C_LANGUAGE_STANDARD = gnu11;
				GCC_DYNAMIC_NO_PIC = NO;
				GCC_NO_COMMON_BLOCKS = YES;
				GCC_OPTIMIZATION_LEVEL = 0;
				GCC_PREPROCESSOR_DEFINITIONS = (
					"DEBUG=1",
					"$(inherited)",
				);
				GCC_WARN_64_TO_32_BIT_CONVERSION = YES;
				GCC_WARN_ABOUT_RETURN_TYPE = YES_ERROR;
				GCC_WARN_UNDECLARED_SELECTOR = YES;
				GCC_WARN_UNINITIALIZED_AUTOS = YES_AGGRESSIVE;
				GCC_WARN_UNUSED_FUNCTION = YES;
				GCC_WARN_UNUSED_VARIABLE = YES;
				IPHONEOS_DEPLOYMENT_TARGET = 16.0;
				MTL_ENABLE_DEBUG_INFO = INCLUDE_SOURCE;
				MTL_FAST_MATH = YES;
				ONLY_ACTIVE_ARCH = YES;
				SDKROOT = iphoneos;
				SWIFT_ACTIVE_COMPILATION_CONDITIONS = DEBUG;
				SWIFT_OPTIMIZATION_LEVEL = "-Onone";
			};
			name = Debug;
		};
		8C23EAA3296D2B430042248F /* Release */ = {
			isa = XCBuildConfiguration;
			buildSettings = {
				ALWAYS_SEARCH_USER_PATHS = NO;
				CLANG_ANALYZER_NONNULL = YES;
				CLANG_ANALYZER_NUMBER_OBJECT_CONVERSION = YES_AGGRESSIVE;
				CLANG_CXX_LANGUAGE_STANDARD = "gnu++20";
				CLANG_ENABLE_MODULES = YES;
				CLANG_ENABLE_OBJC_ARC = YES;
				CLANG_ENABLE_OBJC_WEAK = YES;
				CLANG_WARN_BLOCK_CAPTURE_AUTORELEASING = YES;
				CLANG_WARN_BOOL_CONVERSION = YES;
				CLANG_WARN_COMMA = YES;
				CLANG_WARN_CONSTANT_CONVERSION = YES;
				CLANG_WARN_DEPRECATED_OBJC_IMPLEMENTATIONS = YES;
				CLANG_WARN_DIRECT_OBJC_ISA_USAGE = YES_ERROR;
				CLANG_WARN_DOCUMENTATION_COMMENTS = YES;
				CLANG_WARN_EMPTY_BODY = YES;
				CLANG_WARN_ENUM_CONVERSION = YES;
				CLANG_WARN_INFINITE_RECURSION = YES;
				CLANG_WARN_INT_CONVERSION = YES;
				CLANG_WARN_NON_LITERAL_NULL_CONVERSION = YES;
				CLANG_WARN_OBJC_IMPLICIT_RETAIN_SELF = YES;
				CLANG_WARN_OBJC_LITERAL_CONVERSION = YES;
				CLANG_WARN_OBJC_ROOT_CLASS = YES_ERROR;
				CLANG_WARN_QUOTED_INCLUDE_IN_FRAMEWORK_HEADER = YES;
				CLANG_WARN_RANGE_LOOP_ANALYSIS = YES;
				CLANG_WARN_STRICT_PROTOTYPES = YES;
				CLANG_WARN_SUSPICIOUS_MOVE = YES;
				CLANG_WARN_UNGUARDED_AVAILABILITY = YES_AGGRESSIVE;
				CLANG_WARN_UNREACHABLE_CODE = YES;
				CLANG_WARN__DUPLICATE_METHOD_MATCH = YES;
				COPY_PHASE_STRIP = NO;
				DEBUG_INFORMATION_FORMAT = "dwarf-with-dsym";
				ENABLE_NS_ASSERTIONS = NO;
				ENABLE_STRICT_OBJC_MSGSEND = YES;
				GCC_C_LANGUAGE_STANDARD = gnu11;
				GCC_NO_COMMON_BLOCKS = YES;
				GCC_WARN_64_TO_32_BIT_CONVERSION = YES;
				GCC_WARN_ABOUT_RETURN_TYPE = YES_ERROR;
				GCC_WARN_UNDECLARED_SELECTOR = YES;
				GCC_WARN_UNINITIALIZED_AUTOS = YES_AGGRESSIVE;
				GCC_WARN_UNUSED_FUNCTION = YES;
				GCC_WARN_UNUSED_VARIABLE = YES;
				IPHONEOS_DEPLOYMENT_TARGET = 16.0;
				MTL_ENABLE_DEBUG_INFO = NO;
				MTL_FAST_MATH = YES;
				SDKROOT = iphoneos;
				SWIFT_COMPILATION_MODE = wholemodule;
				SWIFT_OPTIMIZATION_LEVEL = "-O";
				VALIDATE_PRODUCT = YES;
			};
			name = Release;
		};
		8C23EAA5296D2B430042248F /* Debug */ = {
			isa = XCBuildConfiguration;
			buildSettings = {
				ASSETCATALOG_COMPILER_APPICON_NAME = AppIcon;
				ASSETCATALOG_COMPILER_GLOBAL_ACCENT_COLOR_NAME = AccentColor;
				CODE_SIGN_STYLE = Automatic;
				CURRENT_PROJECT_VERSION = 1;
				DEVELOPMENT_TEAM = F2PAPBBTST;
				GENERATE_INFOPLIST_FILE = YES;
				INFOPLIST_FILE = BlueCheck/Info.plist;
				INFOPLIST_KEY_CFBundleDisplayName = "블루체크";
				INFOPLIST_KEY_LSApplicationCategoryType = "public.app-category.lifestyle";
				INFOPLIST_KEY_UIApplicationSupportsIndirectInputEvents = YES;
				INFOPLIST_KEY_UILaunchStoryboardName = LaunchScreen;
				INFOPLIST_KEY_UIMainStoryboardFile = Main;
				INFOPLIST_KEY_UIRequiresFullScreen = YES;
				INFOPLIST_KEY_UIStatusBarStyle = "";
				INFOPLIST_KEY_UISupportedInterfaceOrientations = "UIInterfaceOrientationPortrait UIInterfaceOrientationPortraitUpsideDown";
				IPHONEOS_DEPLOYMENT_TARGET = 15.6;
				LD_RUNPATH_SEARCH_PATHS = (
					"$(inherited)",
					"@executable_path/Frameworks",
				);
				MARKETING_VERSION = 1.0;
				PRODUCT_BUNDLE_IDENTIFIER = com.gyeongdeok.BlueCheck;
				PRODUCT_NAME = "$(TARGET_NAME)";
				SUPPORTED_PLATFORMS = "iphoneos iphonesimulator";
				SUPPORTS_MACCATALYST = NO;
				SUPPORTS_MAC_DESIGNED_FOR_IPHONE_IPAD = NO;
				SWIFT_EMIT_LOC_STRINGS = YES;
				SWIFT_VERSION = 5.0;
				TARGETED_DEVICE_FAMILY = "1,2";
			};
			name = Debug;
		};
		8C23EAA6296D2B430042248F /* Release */ = {
			isa = XCBuildConfiguration;
			buildSettings = {
				ASSETCATALOG_COMPILER_APPICON_NAME = AppIcon;
				ASSETCATALOG_COMPILER_GLOBAL_ACCENT_COLOR_NAME = AccentColor;
				CODE_SIGN_STYLE = Automatic;
				CURRENT_PROJECT_VERSION = 1;
				DEVELOPMENT_TEAM = F2PAPBBTST;
				GENERATE_INFOPLIST_FILE = YES;
				INFOPLIST_FILE = BlueCheck/Info.plist;
				INFOPLIST_KEY_CFBundleDisplayName = "블루체크";
				INFOPLIST_KEY_LSApplicationCategoryType = "public.app-category.lifestyle";
				INFOPLIST_KEY_UIApplicationSupportsIndirectInputEvents = YES;
				INFOPLIST_KEY_UILaunchStoryboardName = LaunchScreen;
				INFOPLIST_KEY_UIMainStoryboardFile = Main;
				INFOPLIST_KEY_UIRequiresFullScreen = YES;
				INFOPLIST_KEY_UIStatusBarStyle = "";
				INFOPLIST_KEY_UISupportedInterfaceOrientations = "UIInterfaceOrientationPortrait UIInterfaceOrientationPortraitUpsideDown";
				IPHONEOS_DEPLOYMENT_TARGET = 15.6;
				LD_RUNPATH_SEARCH_PATHS = (
					"$(inherited)",
					"@executable_path/Frameworks",
				);
				MARKETING_VERSION = 1.0;
				PRODUCT_BUNDLE_IDENTIFIER = com.gyeongdeok.BlueCheck;
				PRODUCT_NAME = "$(TARGET_NAME)";
				SUPPORTED_PLATFORMS = "iphoneos iphonesimulator";
				SUPPORTS_MACCATALYST = NO;
				SUPPORTS_MAC_DESIGNED_FOR_IPHONE_IPAD = NO;
				SWIFT_EMIT_LOC_STRINGS = YES;
				SWIFT_VERSION = 5.0;
				TARGETED_DEVICE_FAMILY = "1,2";
			};
			name = Release;
		};
/* End XCBuildConfiguration section */

/* Begin XCConfigurationList section */
		8C23EA8B296D2B3F0042248F /* Build configuration list for PBXProject "BlueCheck" */ = {
			isa = XCConfigurationList;
			buildConfigurations = (
				8C23EAA2296D2B430042248F /* Debug */,
				8C23EAA3296D2B430042248F /* Release */,
			);
			defaultConfigurationIsVisible = 0;
			defaultConfigurationName = Release;
		};
		8C23EAA4296D2B430042248F /* Build configuration list for PBXNativeTarget "BlueCheck" */ = {
			isa = XCConfigurationList;
			buildConfigurations = (
				8C23EAA5296D2B430042248F /* Debug */,
				8C23EAA6296D2B430042248F /* Release */,
			);
			defaultConfigurationIsVisible = 0;
			defaultConfigurationName = Release;
		};
/* End XCConfigurationList section */

/* Begin XCRemoteSwiftPackageReference section */
		8C23EAB3296D485C0042248F /* XCRemoteSwiftPackageReference "SnapKit" */ = {
			isa = XCRemoteSwiftPackageReference;
			repositoryURL = "https://github.com/SnapKit/SnapKit.git";
			requirement = {
				branch = develop;
				kind = branch;
			};
		};
/* End XCRemoteSwiftPackageReference section */

/* Begin XCSwiftPackageProductDependency section */
		8C23EAB4296D485C0042248F /* SnapKit */ = {
			isa = XCSwiftPackageProductDependency;
			package = 8C23EAB3296D485C0042248F /* XCRemoteSwiftPackageReference "SnapKit" */;
			productName = SnapKit;
		};
/* End XCSwiftPackageProductDependency section */
	};
	rootObject = 8C23EA88296D2B3F0042248F /* Project object */;
}
